// !$*UTF8*$!
{
	archiveVersion = 1;
	classes = {
	};
	objectVersion = 50;
	objects = {

/* Begin PBXBuildFile section */
		1803D75B2658E8240018A909 /* Father.m in Sources */ = {isa = PBXBuildFile; fileRef = 1803D75A2658E8240018A909 /* Father.m */; };
		1803D7612658E8330018A909 /* son.m in Sources */ = {isa = PBXBuildFile; fileRef = 1803D7602658E8330018A909 /* son.m */; };
		1824972426B53E55003269AD /* UINavigationController+FDFullscreenPopGesture.m in Sources */ = {isa = PBXBuildFile; fileRef = 1824972226B53E55003269AD /* UINavigationController+FDFullscreenPopGesture.m */; };
		185B22A6266A221E00F73807 /* NSObject+ZPModelMaper.m in Sources */ = {isa = PBXBuildFile; fileRef = 185B22A5266A221E00F73807 /* NSObject+ZPModelMaper.m */; };
		18636C5926578EA100A7AABA /* ZPNetManager.m in Sources */ = {isa = PBXBuildFile; fileRef = 18636C5826578EA100A7AABA /* ZPNetManager.m */; };
		18636C602657B99A00A7AABA /* RuntimeViewController.m in Sources */ = {isa = PBXBuildFile; fileRef = 18636C5F2657B99A00A7AABA /* RuntimeViewController.m */; };
		189A8923266B0BB900242824 /* NSObject+ZPModelMaperSecond.m in Sources */ = {isa = PBXBuildFile; fileRef = 189A8922266B0BB900242824 /* NSObject+ZPModelMaperSecond.m */; };
		18BAD93E268567BF0057EC4D /* Father+add.m in Sources */ = {isa = PBXBuildFile; fileRef = 18BAD93D268567BF0057EC4D /* Father+add.m */; };
		18C66C032654C0F200420D0B /* AppDelegate.m in Sources */ = {isa = PBXBuildFile; fileRef = 18C66C022654C0F200420D0B /* AppDelegate.m */; };
		18C66C062654C0F200420D0B /* SceneDelegate.m in Sources */ = {isa = PBXBuildFile; fileRef = 18C66C052654C0F200420D0B /* SceneDelegate.m */; };
		18C66C092654C0F200420D0B /* ViewController.m in Sources */ = {isa = PBXBuildFile; fileRef = 18C66C082654C0F200420D0B /* ViewController.m */; };
		18C66C0C2654C0F200420D0B /* Main.storyboard in Resources */ = {isa = PBXBuildFile; fileRef = 18C66C0A2654C0F200420D0B /* Main.storyboard */; };
		18C66C0E2654C0F400420D0B /* Assets.xcassets in Resources */ = {isa = PBXBuildFile; fileRef = 18C66C0D2654C0F400420D0B /* Assets.xcassets */; };
		18C66C112654C0F400420D0B /* LaunchScreen.storyboard in Resources */ = {isa = PBXBuildFile; fileRef = 18C66C0F2654C0F400420D0B /* LaunchScreen.storyboard */; };
		18C66C142654C0F400420D0B /* main.m in Sources */ = {isa = PBXBuildFile; fileRef = 18C66C132654C0F400420D0B /* main.m */; };
		18C66C1E2654C0F500420D0B /* SourceCodeTests.m in Sources */ = {isa = PBXBuildFile; fileRef = 18C66C1D2654C0F500420D0B /* SourceCodeTests.m */; };
		18C66C292654C0F500420D0B /* SourceCodeUITests.m in Sources */ = {isa = PBXBuildFile; fileRef = 18C66C282654C0F500420D0B /* SourceCodeUITests.m */; };
		18C66C472654C1EC00420D0B /* AFURLResponseSerialization.m in Sources */ = {isa = PBXBuildFile; fileRef = 18C66C3D2654C1EC00420D0B /* AFURLResponseSerialization.m */; };
		18C66C482654C1EC00420D0B /* AFHTTPSessionManager.m in Sources */ = {isa = PBXBuildFile; fileRef = 18C66C3E2654C1EC00420D0B /* AFHTTPSessionManager.m */; };
		18C66C492654C1EC00420D0B /* AFURLSessionManager.m in Sources */ = {isa = PBXBuildFile; fileRef = 18C66C402654C1EC00420D0B /* AFURLSessionManager.m */; };
		18C66C4A2654C1EC00420D0B /* AFURLRequestSerialization.m in Sources */ = {isa = PBXBuildFile; fileRef = 18C66C412654C1EC00420D0B /* AFURLRequestSerialization.m */; };
		18C66C4B2654C1EC00420D0B /* AFNetworkReachabilityManager.m in Sources */ = {isa = PBXBuildFile; fileRef = 18C66C432654C1EC00420D0B /* AFNetworkReachabilityManager.m */; };
		18C66C4C2654C1EC00420D0B /* AFSecurityPolicy.m in Sources */ = {isa = PBXBuildFile; fileRef = 18C66C442654C1EC00420D0B /* AFSecurityPolicy.m */; };
		18C66C642654FE0400420D0B /* UIProgressView+AFNetworking.m in Sources */ = {isa = PBXBuildFile; fileRef = 18C66C502654FE0400420D0B /* UIProgressView+AFNetworking.m */; };
		18C66C652654FE0400420D0B /* UIRefreshControl+AFNetworking.m in Sources */ = {isa = PBXBuildFile; fileRef = 18C66C522654FE0400420D0B /* UIRefreshControl+AFNetworking.m */; };
		18C66C662654FE0400420D0B /* AFNetworkActivityIndicatorManager.m in Sources */ = {isa = PBXBuildFile; fileRef = 18C66C552654FE0400420D0B /* AFNetworkActivityIndicatorManager.m */; };
		18C66C672654FE0400420D0B /* UIImageView+AFNetworking.m in Sources */ = {isa = PBXBuildFile; fileRef = 18C66C5B2654FE0400420D0B /* UIImageView+AFNetworking.m */; };
		18C66C682654FE0400420D0B /* UIButton+AFNetworking.m in Sources */ = {isa = PBXBuildFile; fileRef = 18C66C5E2654FE0400420D0B /* UIButton+AFNetworking.m */; };
		18C66C692654FE0400420D0B /* UIActivityIndicatorView+AFNetworking.m in Sources */ = {isa = PBXBuildFile; fileRef = 18C66C5F2654FE0400420D0B /* UIActivityIndicatorView+AFNetworking.m */; };
		18C66C6A2654FE0400420D0B /* UIWebView+AFNetworking.m in Sources */ = {isa = PBXBuildFile; fileRef = 18C66C602654FE0400420D0B /* UIWebView+AFNetworking.m */; };
		18C66C6B2654FE0400420D0B /* AFAutoPurgingImageCache.m in Sources */ = {isa = PBXBuildFile; fileRef = 18C66C612654FE0400420D0B /* AFAutoPurgingImageCache.m */; };
		18C66C6C2654FE0400420D0B /* AFImageDownloader.m in Sources */ = {isa = PBXBuildFile; fileRef = 18C66C632654FE0400420D0B /* AFImageDownloader.m */; };
/* End PBXBuildFile section */

/* Begin PBXContainerItemProxy section */
		18C66C1A2654C0F500420D0B /* PBXContainerItemProxy */ = {
			isa = PBXContainerItemProxy;
			containerPortal = 18C66BF62654C0F200420D0B /* Project object */;
			proxyType = 1;
			remoteGlobalIDString = 18C66BFD2654C0F200420D0B;
			remoteInfo = SourceCode;
		};
		18C66C252654C0F500420D0B /* PBXContainerItemProxy */ = {
			isa = PBXContainerItemProxy;
			containerPortal = 18C66BF62654C0F200420D0B /* Project object */;
			proxyType = 1;
			remoteGlobalIDString = 18C66BFD2654C0F200420D0B;
			remoteInfo = SourceCode;
		};
/* End PBXContainerItemProxy section */

/* Begin PBXFileReference section */
		1803D7592658E8240018A909 /* Father.h */ = {isa = PBXFileReference; lastKnownFileType = sourcecode.c.h; path = Father.h; sourceTree = "<group>"; };
		1803D75A2658E8240018A909 /* Father.m */ = {isa = PBXFileReference; lastKnownFileType = sourcecode.c.objc; path = Father.m; sourceTree = "<group>"; };
		1803D75F2658E8330018A909 /* son.h */ = {isa = PBXFileReference; lastKnownFileType = sourcecode.c.h; path = son.h; sourceTree = "<group>"; };
		1803D7602658E8330018A909 /* son.m */ = {isa = PBXFileReference; lastKnownFileType = sourcecode.c.objc; path = son.m; sourceTree = "<group>"; };
		1824972226B53E55003269AD /* UINavigationController+FDFullscreenPopGesture.m */ = {isa = PBXFileReference; fileEncoding = 4; lastKnownFileType = sourcecode.c.objc; path = "UINavigationController+FDFullscreenPopGesture.m"; sourceTree = "<group>"; };
		1824972326B53E55003269AD /* UINavigationController+FDFullscreenPopGesture.h */ = {isa = PBXFileReference; fileEncoding = 4; lastKnownFileType = sourcecode.c.h; path = "UINavigationController+FDFullscreenPopGesture.h"; sourceTree = "<group>"; };
		185B22A4266A221E00F73807 /* NSObject+ZPModelMaper.h */ = {isa = PBXFileReference; lastKnownFileType = sourcecode.c.h; path = "NSObject+ZPModelMaper.h"; sourceTree = "<group>"; };
		185B22A5266A221E00F73807 /* NSObject+ZPModelMaper.m */ = {isa = PBXFileReference; lastKnownFileType = sourcecode.c.objc; path = "NSObject+ZPModelMaper.m"; sourceTree = "<group>"; };
		18636C5726578EA100A7AABA /* ZPNetManager.h */ = {isa = PBXFileReference; lastKnownFileType = sourcecode.c.h; path = ZPNetManager.h; sourceTree = "<group>"; };
		18636C5826578EA100A7AABA /* ZPNetManager.m */ = {isa = PBXFileReference; lastKnownFileType = sourcecode.c.objc; path = ZPNetManager.m; sourceTree = "<group>"; };
		18636C5E2657B99A00A7AABA /* RuntimeViewController.h */ = {isa = PBXFileReference; lastKnownFileType = sourcecode.c.h; path = RuntimeViewController.h; sourceTree = "<group>"; };
		18636C5F2657B99A00A7AABA /* RuntimeViewController.m */ = {isa = PBXFileReference; lastKnownFileType = sourcecode.c.objc; path = RuntimeViewController.m; sourceTree = "<group>"; };
		189A8921266B0BB900242824 /* NSObject+ZPModelMaperSecond.h */ = {isa = PBXFileReference; lastKnownFileType = sourcecode.c.h; path = "NSObject+ZPModelMaperSecond.h"; sourceTree = "<group>"; };
		189A8922266B0BB900242824 /* NSObject+ZPModelMaperSecond.m */ = {isa = PBXFileReference; lastKnownFileType = sourcecode.c.objc; path = "NSObject+ZPModelMaperSecond.m"; sourceTree = "<group>"; };
		18BAD93C268567BF0057EC4D /* Father+add.h */ = {isa = PBXFileReference; lastKnownFileType = sourcecode.c.h; path = "Father+add.h"; sourceTree = "<group>"; };
		18BAD93D268567BF0057EC4D /* Father+add.m */ = {isa = PBXFileReference; lastKnownFileType = sourcecode.c.objc; path = "Father+add.m"; sourceTree = "<group>"; };
		18BEB4AA26900DC50025FB72 /* CFURL.h */ = {isa = PBXFileReference; lastKnownFileType = sourcecode.c.h; path = CFURL.h; sourceTree = "<group>"; };
		18BEB4AB26900DC50025FB72 /* CFSocket.c */ = {isa = PBXFileReference; lastKnownFileType = sourcecode.c.c; path = CFSocket.c; sourceTree = "<group>"; };
		18BEB4AC26900DC50025FB72 /* CFBundle_InfoPlist.c */ = {isa = PBXFileReference; lastKnownFileType = sourcecode.c.c; path = CFBundle_InfoPlist.c; sourceTree = "<group>"; };
		18BEB4AD26900DC50025FB72 /* CFString.c */ = {isa = PBXFileReference; lastKnownFileType = sourcecode.c.c; path = CFString.c; sourceTree = "<group>"; };
		18BEB4AE26900DC50025FB72 /* plconvert.c */ = {isa = PBXFileReference; lastKnownFileType = sourcecode.c.c; path = plconvert.c; sourceTree = "<group>"; };
		18BEB4AF26900DC50025FB72 /* CFXMLNode.c */ = {isa = PBXFileReference; lastKnownFileType = sourcecode.c.c; path = CFXMLNode.c; sourceTree = "<group>"; };
		18BEB4B026900DC50025FB72 /* CFBundle_Strings.c */ = {isa = PBXFileReference; lastKnownFileType = sourcecode.c.c; path = CFBundle_Strings.c; sourceTree = "<group>"; };
		18BEB4B126900DC50025FB72 /* CFSortFunctions.c */ = {isa = PBXFileReference; lastKnownFileType = sourcecode.c.c; path = CFSortFunctions.c; sourceTree = "<group>"; };
		18BEB4B226900DC50025FB72 /* CFStream.c */ = {isa = PBXFileReference; lastKnownFileType = sourcecode.c.c; path = CFStream.c; sourceTree = "<group>"; };
		18BEB4B326900DC50025FB72 /* CFXMLInputStream.c */ = {isa = PBXFileReference; lastKnownFileType = sourcecode.c.c; path = CFXMLInputStream.c; sourceTree = "<group>"; };
		18BEB4B426900DC50025FB72 /* CFDate.h */ = {isa = PBXFileReference; lastKnownFileType = sourcecode.c.h; path = CFDate.h; sourceTree = "<group>"; };
		18BEB4B526900DC50025FB72 /* CFAvailability.h */ = {isa = PBXFileReference; lastKnownFileType = sourcecode.c.h; path = CFAvailability.h; sourceTree = "<group>"; };
		18BEB4B626900DC50025FB72 /* CFLocaleKeys.c */ = {isa = PBXFileReference; lastKnownFileType = sourcecode.c.c; path = CFLocaleKeys.c; sourceTree = "<group>"; };
		18BEB4B726900DC50025FB72 /* CFTree.c */ = {isa = PBXFileReference; lastKnownFileType = sourcecode.c.c; path = CFTree.c; sourceTree = "<group>"; };
		18BEB4B826900DC50025FB72 /* CFStorage.h */ = {isa = PBXFileReference; lastKnownFileType = sourcecode.c.h; path = CFStorage.h; sourceTree = "<group>"; };
		18BEB4B926900DC50025FB72 /* CFXMLInputStream.h */ = {isa = PBXFileReference; lastKnownFileType = sourcecode.c.h; path = CFXMLInputStream.h; sourceTree = "<group>"; };
		18BEB4BA26900DC50025FB72 /* CFLocale.h */ = {isa = PBXFileReference; lastKnownFileType = sourcecode.c.h; path = CFLocale.h; sourceTree = "<group>"; };
		18BEB4BB26900DC50025FB72 /* CFXMLNode.h */ = {isa = PBXFileReference; lastKnownFileType = sourcecode.c.h; path = CFXMLNode.h; sourceTree = "<group>"; };
		18BEB4BC26900DC50025FB72 /* CFPlugIn_Factory.h */ = {isa = PBXFileReference; lastKnownFileType = sourcecode.c.h; path = CFPlugIn_Factory.h; sourceTree = "<group>"; };
		18BEB4BD26900DC50025FB72 /* CFURLPriv.h */ = {isa = PBXFileReference; lastKnownFileType = sourcecode.c.h; path = CFURLPriv.h; sourceTree = "<group>"; };
		18BEB4BE26900DC50025FB72 /* CFUserNotification.h */ = {isa = PBXFileReference; lastKnownFileType = sourcecode.c.h; path = CFUserNotification.h; sourceTree = "<group>"; };
		18BEB4BF26900DC50025FB72 /* CFStringEncodingConverterExt.h */ = {isa = PBXFileReference; lastKnownFileType = sourcecode.c.h; path = CFStringEncodingConverterExt.h; sourceTree = "<group>"; };
		18BEB4C026900DC50025FB72 /* CFDictionary.h */ = {isa = PBXFileReference; lastKnownFileType = sourcecode.c.h; path = CFDictionary.h; sourceTree = "<group>"; };
		18BEB4C126900DC50025FB72 /* CFBigNumber.h */ = {isa = PBXFileReference; lastKnownFileType = sourcecode.c.h; path = CFBigNumber.h; sourceTree = "<group>"; };
		18BEB4C226900DC50025FB72 /* CFLogUtilities.h */ = {isa = PBXFileReference; lastKnownFileType = sourcecode.c.h; path = CFLogUtilities.h; sourceTree = "<group>"; };
		18BEB4C326900DC50025FB72 /* CFSocketStream.c */ = {isa = PBXFileReference; lastKnownFileType = sourcecode.c.c; path = CFSocketStream.c; sourceTree = "<group>"; };
		18BEB4C426900DC50025FB72 /* CFLocaleInternal.h */ = {isa = PBXFileReference; lastKnownFileType = sourcecode.c.h; path = CFLocaleInternal.h; sourceTree = "<group>"; };
		18BEB4C526900DC60025FB72 /* CFOldStylePList.c */ = {isa = PBXFileReference; lastKnownFileType = sourcecode.c.c; path = CFOldStylePList.c; sourceTree = "<group>"; };
		18BEB4C626900DC60025FB72 /* CFFileUtilities.c */ = {isa = PBXFileReference; lastKnownFileType = sourcecode.c.c; path = CFFileUtilities.c; sourceTree = "<group>"; };
		18BEB4C726900DC60025FB72 /* CFBinaryHeap.h */ = {isa = PBXFileReference; lastKnownFileType = sourcecode.c.h; path = CFBinaryHeap.h; sourceTree = "<group>"; };
		18BEB4C826900DC60025FB72 /* CFURL.c */ = {isa = PBXFileReference; lastKnownFileType = sourcecode.c.c; path = CFURL.c; sourceTree = "<group>"; };
		18BEB4C926900DC60025FB72 /* APPLE_LICENSE */ = {isa = PBXFileReference; lastKnownFileType = text; path = APPLE_LICENSE; sourceTree = "<group>"; };
		18BEB4CA26900DC60025FB72 /* SymbolAliases */ = {isa = PBXFileReference; lastKnownFileType = text; path = SymbolAliases; sourceTree = "<group>"; };
		18BEB4CB26900DC60025FB72 /* CFStream.h */ = {isa = PBXFileReference; lastKnownFileType = sourcecode.c.h; path = CFStream.h; sourceTree = "<group>"; };
		18BEB4CC26900DC60025FB72 /* CFData.h */ = {isa = PBXFileReference; lastKnownFileType = sourcecode.c.h; path = CFData.h; sourceTree = "<group>"; };
		18BEB4CD26900DC60025FB72 /* PropertyList.dtd */ = {isa = PBXFileReference; lastKnownFileType = text.xml; path = PropertyList.dtd; sourceTree = "<group>"; };
		18BEB4CE26900DC60025FB72 /* CFRunLoop.c */ = {isa = PBXFileReference; lastKnownFileType = sourcecode.c.c; path = CFRunLoop.c; sourceTree = "<group>"; };
		18BEB4CF26900DC60025FB72 /* CFPlugIn_Instance.c */ = {isa = PBXFileReference; lastKnownFileType = sourcecode.c.c; path = CFPlugIn_Instance.c; sourceTree = "<group>"; };
		18BEB4D026900DC60025FB72 /* CFBasicHash.h */ = {isa = PBXFileReference; lastKnownFileType = sourcecode.c.h; path = CFBasicHash.h; sourceTree = "<group>"; };
		18BEB4D126900DC60025FB72 /* CFMessagePort.c */ = {isa = PBXFileReference; lastKnownFileType = sourcecode.c.c; path = CFMessagePort.c; sourceTree = "<group>"; };
		18BEB4D226900DC60025FB72 /* CFRuntime.h */ = {isa = PBXFileReference; lastKnownFileType = sourcecode.c.h; path = CFRuntime.h; sourceTree = "<group>"; };
		18BEB4D326900DC60025FB72 /* CFDate.c */ = {isa = PBXFileReference; lastKnownFileType = sourcecode.c.c; path = CFDate.c; sourceTree = "<group>"; };
		18BEB4D426900DC60025FB72 /* CFBurstTrie.c */ = {isa = PBXFileReference; lastKnownFileType = sourcecode.c.c; path = CFBurstTrie.c; sourceTree = "<group>"; };
		18BEB4D526900DC60025FB72 /* CFStringEncodingDatabase.h */ = {isa = PBXFileReference; lastKnownFileType = sourcecode.c.h; path = CFStringEncodingDatabase.h; sourceTree = "<group>"; };
		18BEB4D626900DC60025FB72 /* CFInternal.h */ = {isa = PBXFileReference; lastKnownFileType = sourcecode.c.h; path = CFInternal.h; sourceTree = "<group>"; };
		18BEB4D726900DC60025FB72 /* CFBigNumber.c */ = {isa = PBXFileReference; lastKnownFileType = sourcecode.c.c; path = CFBigNumber.c; sourceTree = "<group>"; };
		18BEB4D826900DC60025FB72 /* CFByteOrder.h */ = {isa = PBXFileReference; lastKnownFileType = sourcecode.c.h; path = CFByteOrder.h; sourceTree = "<group>"; };
		18BEB4D926900DC60025FB72 /* CFBundle.h */ = {isa = PBXFileReference; lastKnownFileType = sourcecode.c.h; path = CFBundle.h; sourceTree = "<group>"; };
		18BEB4DA26900DC60025FB72 /* CFBundle_Grok.c */ = {isa = PBXFileReference; lastKnownFileType = sourcecode.c.c; path = CFBundle_Grok.c; sourceTree = "<group>"; };
		18BEB4DB26900DC60025FB72 /* CFUnicodeData-B.mapping */ = {isa = PBXFileReference; lastKnownFileType = file; path = "CFUnicodeData-B.mapping"; sourceTree = "<group>"; };
		18BEB4DC26900DC60025FB72 /* CFDateFormatter.c */ = {isa = PBXFileReference; lastKnownFileType = sourcecode.c.c; path = CFDateFormatter.c; sourceTree = "<group>"; };
		18BEB4DD26900DC60025FB72 /* CFBundle_BinaryTypes.h */ = {isa = PBXFileReference; lastKnownFileType = sourcecode.c.h; path = CFBundle_BinaryTypes.h; sourceTree = "<group>"; };
		18BEB4DE26900DC60025FB72 /* CFStringScanner.c */ = {isa = PBXFileReference; lastKnownFileType = sourcecode.c.c; path = CFStringScanner.c; sourceTree = "<group>"; };
		18BEB4DF26900DC60025FB72 /* CFXMLParser.h */ = {isa = PBXFileReference; lastKnownFileType = sourcecode.c.h; path = CFXMLParser.h; sourceTree = "<group>"; };
		18BEB4E026900DC60025FB72 /* CFRuntime.c */ = {isa = PBXFileReference; lastKnownFileType = sourcecode.c.c; path = CFRuntime.c; sourceTree = "<group>"; };
		18BEB4E126900DC60025FB72 /* ForFoundationOnly.h */ = {isa = PBXFileReference; lastKnownFileType = sourcecode.c.h; path = ForFoundationOnly.h; sourceTree = "<group>"; };
		18BEB4E226900DC60025FB72 /* CFBundle_Resources.c */ = {isa = PBXFileReference; lastKnownFileType = sourcecode.c.c; path = CFBundle_Resources.c; sourceTree = "<group>"; };
		18BEB4E326900DC60025FB72 /* CFStringEncodingDatabase.c */ = {isa = PBXFileReference; lastKnownFileType = sourcecode.c.c; path = CFStringEncodingDatabase.c; sourceTree = "<group>"; };
		18BEB4E426900DC60025FB72 /* CFBitVector.h */ = {isa = PBXFileReference; lastKnownFileType = sourcecode.c.h; path = CFBitVector.h; sourceTree = "<group>"; };
		18BEB4E526900DC60025FB72 /* CFBag.h */ = {isa = PBXFileReference; lastKnownFileType = sourcecode.c.h; path = CFBag.h; sourceTree = "<group>"; };
		18BEB4E626900DC60025FB72 /* CFUnicodePrecomposition.h */ = {isa = PBXFileReference; lastKnownFileType = sourcecode.c.h; path = CFUnicodePrecomposition.h; sourceTree = "<group>"; };
		18BEB4E726900DC60025FB72 /* CFStringEncodings.c */ = {isa = PBXFileReference; lastKnownFileType = sourcecode.c.c; path = CFStringEncodings.c; sourceTree = "<group>"; };
		18BEB4E826900DC70025FB72 /* CFStringEncodingConverter.h */ = {isa = PBXFileReference; lastKnownFileType = sourcecode.c.h; path = CFStringEncodingConverter.h; sourceTree = "<group>"; };
		18BEB4E926900DC70025FB72 /* CFBag.c */ = {isa = PBXFileReference; lastKnownFileType = sourcecode.c.c; path = CFBag.c; sourceTree = "<group>"; };
		18BEB4EA26900DC70025FB72 /* CFBundlePriv.h */ = {isa = PBXFileReference; lastKnownFileType = sourcecode.c.h; path = CFBundlePriv.h; sourceTree = "<group>"; };
		18BEB4EB26900DC70025FB72 /* CFUnicodePrecomposition.c */ = {isa = PBXFileReference; lastKnownFileType = sourcecode.c.c; path = CFUnicodePrecomposition.c; sourceTree = "<group>"; };
		18BEB4EC26900DC70025FB72 /* CFMessagePort.h */ = {isa = PBXFileReference; lastKnownFileType = sourcecode.c.h; path = CFMessagePort.h; sourceTree = "<group>"; };
		18BEB4ED26900DC70025FB72 /* CFApplicationPreferences.c */ = {isa = PBXFileReference; lastKnownFileType = sourcecode.c.c; path = CFApplicationPreferences.c; sourceTree = "<group>"; };
		18BEB4EE26900DC70025FB72 /* CFBinaryHeap.c */ = {isa = PBXFileReference; lastKnownFileType = sourcecode.c.c; path = CFBinaryHeap.c; sourceTree = "<group>"; };
		18BEB4EF26900DC70025FB72 /* CFBundle_Locale.c */ = {isa = PBXFileReference; lastKnownFileType = sourcecode.c.c; path = CFBundle_Locale.c; sourceTree = "<group>"; };
		18BEB4F026900DC70025FB72 /* CFLocale.c */ = {isa = PBXFileReference; lastKnownFileType = sourcecode.c.c; path = CFLocale.c; sourceTree = "<group>"; };
		18BEB4F126900DC70025FB72 /* CFPlugInCOM.h */ = {isa = PBXFileReference; lastKnownFileType = sourcecode.c.h; path = CFPlugInCOM.h; sourceTree = "<group>"; };
		18BEB4F226900DC70025FB72 /* CFNumber.c */ = {isa = PBXFileReference; lastKnownFileType = sourcecode.c.c; path = CFNumber.c; sourceTree = "<group>"; };
		18BEB4F326900DC70025FB72 /* CFDictionary.c */ = {isa = PBXFileReference; lastKnownFileType = sourcecode.c.c; path = CFDictionary.c; sourceTree = "<group>"; };
		18BEB4F426900DC70025FB72 /* CFCalendar.c */ = {isa = PBXFileReference; lastKnownFileType = sourcecode.c.c; path = CFCalendar.c; sourceTree = "<group>"; };
		18BEB4F526900DC70025FB72 /* CFCalendar.h */ = {isa = PBXFileReference; lastKnownFileType = sourcecode.c.h; path = CFCalendar.h; sourceTree = "<group>"; };
		18BEB4F626900DC70025FB72 /* CFPlugIn_Factory.c */ = {isa = PBXFileReference; lastKnownFileType = sourcecode.c.c; path = CFPlugIn_Factory.c; sourceTree = "<group>"; };
		18BEB4F726900DC70025FB72 /* CFUniChar.h */ = {isa = PBXFileReference; lastKnownFileType = sourcecode.c.h; path = CFUniChar.h; sourceTree = "<group>"; };
		18BEB4F826900DC70025FB72 /* CFPlugIn_PlugIn.c */ = {isa = PBXFileReference; lastKnownFileType = sourcecode.c.c; path = CFPlugIn_PlugIn.c; sourceTree = "<group>"; };
		18BEB4F926900DC70025FB72 /* CFUUID.h */ = {isa = PBXFileReference; lastKnownFileType = sourcecode.c.h; path = CFUUID.h; sourceTree = "<group>"; };
		18BEB4FA26900DC70025FB72 /* CFWindowsUtilities.c */ = {isa = PBXFileReference; lastKnownFileType = sourcecode.c.c; path = CFWindowsUtilities.c; sourceTree = "<group>"; };
		18BEB4FB26900DC70025FB72 /* CFICULogging.h */ = {isa = PBXFileReference; lastKnownFileType = sourcecode.c.h; path = CFICULogging.h; sourceTree = "<group>"; };
		18BEB4FC26900DC70025FB72 /* CFPlugIn.c */ = {isa = PBXFileReference; lastKnownFileType = sourcecode.c.c; path = CFPlugIn.c; sourceTree = "<group>"; };
		18BEB4FD26900DC70025FB72 /* CFUnicodeDecomposition.h */ = {isa = PBXFileReference; lastKnownFileType = sourcecode.c.h; path = CFUnicodeDecomposition.h; sourceTree = "<group>"; };
		18BEB4FE26900DC70025FB72 /* CFBase.c */ = {isa = PBXFileReference; lastKnownFileType = sourcecode.c.c; path = CFBase.c; sourceTree = "<group>"; };
		18BEB4FF26900DC70025FB72 /* CFICUConverters.h */ = {isa = PBXFileReference; lastKnownFileType = sourcecode.c.h; path = CFICUConverters.h; sourceTree = "<group>"; };
		18BEB50026900DC70025FB72 /* CFStreamAbstract.h */ = {isa = PBXFileReference; lastKnownFileType = sourcecode.c.h; path = CFStreamAbstract.h; sourceTree = "<group>"; };
		18BEB50126900DC70025FB72 /* CFStringEncodingExt.h */ = {isa = PBXFileReference; lastKnownFileType = sourcecode.c.h; path = CFStringEncodingExt.h; sourceTree = "<group>"; };
		18BEB50226900DC70025FB72 /* CFURLAccess.c */ = {isa = PBXFileReference; lastKnownFileType = sourcecode.c.c; path = CFURLAccess.c; sourceTree = "<group>"; };
		18BEB50326900DC70025FB72 /* CFMachPort.h */ = {isa = PBXFileReference; lastKnownFileType = sourcecode.c.h; path = CFMachPort.h; sourceTree = "<group>"; };
		18BEB50426900DC70025FB72 /* CFSystemDirectories.c */ = {isa = PBXFileReference; lastKnownFileType = sourcecode.c.c; path = CFSystemDirectories.c; sourceTree = "<group>"; };
		18BEB50526900DC70025FB72 /* CFConcreteStreams.c */ = {isa = PBXFileReference; lastKnownFileType = sourcecode.c.c; path = CFConcreteStreams.c; sourceTree = "<group>"; };
		18BEB50626900DC70025FB72 /* CFNumberFormatter.h */ = {isa = PBXFileReference; lastKnownFileType = sourcecode.c.h; path = CFNumberFormatter.h; sourceTree = "<group>"; };
		18BEB50726900DC70025FB72 /* CFUnicodeData-L.mapping */ = {isa = PBXFileReference; lastKnownFileType = file; path = "CFUnicodeData-L.mapping"; sourceTree = "<group>"; };
		18BEB50826900DC70025FB72 /* CFUtilities.c */ = {isa = PBXFileReference; lastKnownFileType = sourcecode.c.c; path = CFUtilities.c; sourceTree = "<group>"; };
		18BEB50926900DC70025FB72 /* CoreFoundation.h */ = {isa = PBXFileReference; lastKnownFileType = sourcecode.c.h; path = CoreFoundation.h; sourceTree = "<group>"; };
		18BEB50A26900DC70025FB72 /* Info.plist */ = {isa = PBXFileReference; lastKnownFileType = text.plist.xml; path = Info.plist; sourceTree = "<group>"; };
		18BEB50B26900DC70025FB72 /* MakefileVersion */ = {isa = PBXFileReference; lastKnownFileType = text; path = MakefileVersion; sourceTree = "<group>"; };
		18BEB50C26900DC70025FB72 /* CFSet.h */ = {isa = PBXFileReference; lastKnownFileType = sourcecode.c.h; path = CFSet.h; sourceTree = "<group>"; };
		18BEB50D26900DC70025FB72 /* CFTimeZone.h */ = {isa = PBXFileReference; lastKnownFileType = sourcecode.c.h; path = CFTimeZone.h; sourceTree = "<group>"; };
		18BEB50E26900DC70025FB72 /* CFBasicHash.c */ = {isa = PBXFileReference; lastKnownFileType = sourcecode.c.c; path = CFBasicHash.c; sourceTree = "<group>"; };
		18BEB50F26900DC70025FB72 /* CFBundle_Internal.h */ = {isa = PBXFileReference; lastKnownFileType = sourcecode.c.h; path = CFBundle_Internal.h; sourceTree = "<group>"; };
		18BEB51026900DC70025FB72 /* CFStringEncodingConverter.c */ = {isa = PBXFileReference; lastKnownFileType = sourcecode.c.c; path = CFStringEncodingConverter.c; sourceTree = "<group>"; };
		18BEB51126900DC70025FB72 /* CFVersion.c */ = {isa = PBXFileReference; lastKnownFileType = sourcecode.c.c; path = CFVersion.c; sourceTree = "<group>"; };
		18BEB51226900DC70025FB72 /* CFBasicHashFindBucket.m */ = {isa = PBXFileReference; lastKnownFileType = sourcecode.c.objc; path = CFBasicHashFindBucket.m; sourceTree = "<group>"; };
		18BEB51326900DC70025FB72 /* CFNumberFormatter.c */ = {isa = PBXFileReference; lastKnownFileType = sourcecode.c.c; path = CFNumberFormatter.c; sourceTree = "<group>"; };
		18BEB51426900DC80025FB72 /* CFCharacterSet.c */ = {isa = PBXFileReference; lastKnownFileType = sourcecode.c.c; path = CFCharacterSet.c; sourceTree = "<group>"; };
		18BEB51526900DC80025FB72 /* CFData.c */ = {isa = PBXFileReference; lastKnownFileType = sourcecode.c.c; path = CFData.c; sourceTree = "<group>"; };
		18BEB51626900DC80025FB72 /* CFStreamInternal.h */ = {isa = PBXFileReference; lastKnownFileType = sourcecode.c.h; path = CFStreamInternal.h; sourceTree = "<group>"; };
		18BEB51726900DC80025FB72 /* CFStreamPriv.h */ = {isa = PBXFileReference; lastKnownFileType = sourcecode.c.h; path = CFStreamPriv.h; sourceTree = "<group>"; };
		18BEB51826900DC80025FB72 /* CFPlatformConverters.c */ = {isa = PBXFileReference; lastKnownFileType = sourcecode.c.c; path = CFPlatformConverters.c; sourceTree = "<group>"; };
		18BEB51926900DC80025FB72 /* CFTimeZone.c */ = {isa = PBXFileReference; lastKnownFileType = sourcecode.c.c; path = CFTimeZone.c; sourceTree = "<group>"; };
		18BEB51A26900DC80025FB72 /* CFString.h */ = {isa = PBXFileReference; lastKnownFileType = sourcecode.c.h; path = CFString.h; sourceTree = "<group>"; };
		18BEB51B26900DC80025FB72 /* CFStringUtilities.c */ = {isa = PBXFileReference; lastKnownFileType = sourcecode.c.c; path = CFStringUtilities.c; sourceTree = "<group>"; };
		18BEB51C26900DC80025FB72 /* CFCharacterSetBitmaps.bitmap */ = {isa = PBXFileReference; lastKnownFileType = file; path = CFCharacterSetBitmaps.bitmap; sourceTree = "<group>"; };
		18BEB51D26900DC80025FB72 /* CFUtilities.h */ = {isa = PBXFileReference; lastKnownFileType = sourcecode.c.h; path = CFUtilities.h; sourceTree = "<group>"; };
		18BEB51E26900DC80025FB72 /* CFBundle_Binary.c */ = {isa = PBXFileReference; lastKnownFileType = sourcecode.c.c; path = CFBundle_Binary.c; sourceTree = "<group>"; };
		18BEB51F26900DC80025FB72 /* CFCharacterSetPriv.h */ = {isa = PBXFileReference; lastKnownFileType = sourcecode.c.h; path = CFCharacterSetPriv.h; sourceTree = "<group>"; };
		18BEB52026900DC80025FB72 /* CFSocket.h */ = {isa = PBXFileReference; lastKnownFileType = sourcecode.c.h; path = CFSocket.h; sourceTree = "<group>"; };
		18BEB52126900DC80025FB72 /* CFUserNotification.c */ = {isa = PBXFileReference; lastKnownFileType = sourcecode.c.c; path = CFUserNotification.c; sourceTree = "<group>"; };
		18BEB52226900DC80025FB72 /* CFURL.inc.h */ = {isa = PBXFileReference; lastKnownFileType = sourcecode.c.h; path = CFURL.inc.h; sourceTree = "<group>"; };
		18BEB52426900DC80025FB72 /* plconvert.c */ = {isa = PBXFileReference; lastKnownFileType = sourcecode.c.c; path = plconvert.c; sourceTree = "<group>"; };
		18BEB52526900DC80025FB72 /* CFSet.c */ = {isa = PBXFileReference; lastKnownFileType = sourcecode.c.c; path = CFSet.c; sourceTree = "<group>"; };
		18BEB52626900DC80025FB72 /* CFUniCharPriv.h */ = {isa = PBXFileReference; lastKnownFileType = sourcecode.c.h; path = CFUniCharPriv.h; sourceTree = "<group>"; };
		18BEB52726900DC80025FB72 /* CFPlugIn.h */ = {isa = PBXFileReference; lastKnownFileType = sourcecode.c.h; path = CFPlugIn.h; sourceTree = "<group>"; };
		18BEB52826900DC80025FB72 /* CFUUID.c */ = {isa = PBXFileReference; lastKnownFileType = sourcecode.c.c; path = CFUUID.c; sourceTree = "<group>"; };
		18BEB52926900DC80025FB72 /* CFDateFormatter.h */ = {isa = PBXFileReference; lastKnownFileType = sourcecode.c.h; path = CFDateFormatter.h; sourceTree = "<group>"; };
		18BEB52A26900DC80025FB72 /* TargetConditionals.h */ = {isa = PBXFileReference; lastKnownFileType = sourcecode.c.h; path = TargetConditionals.h; sourceTree = "<group>"; };
		18BEB52B26900DC80025FB72 /* CFPlatform.c */ = {isa = PBXFileReference; lastKnownFileType = sourcecode.c.c; path = CFPlatform.c; sourceTree = "<group>"; };
		18BEB52C26900DC80025FB72 /* CFBurstTrie.h */ = {isa = PBXFileReference; lastKnownFileType = sourcecode.c.h; path = CFBurstTrie.h; sourceTree = "<group>"; };
		18BEB52D26900DC80025FB72 /* CFTree.h */ = {isa = PBXFileReference; lastKnownFileType = sourcecode.c.h; path = CFTree.h; sourceTree = "<group>"; };
		18BEB52E26900DC80025FB72 /* CFXMLParser.c */ = {isa = PBXFileReference; lastKnownFileType = sourcecode.c.c; path = CFXMLParser.c; sourceTree = "<group>"; };
		18BEB52F26900DC80025FB72 /* CFBundle.c */ = {isa = PBXFileReference; lastKnownFileType = sourcecode.c.c; path = CFBundle.c; sourceTree = "<group>"; };
		18BEB53026900DC80025FB72 /* CFRunLoop.h */ = {isa = PBXFileReference; lastKnownFileType = sourcecode.c.h; path = CFRunLoop.h; sourceTree = "<group>"; };
		18BEB53126900DC80025FB72 /* CFMachPort.c */ = {isa = PBXFileReference; lastKnownFileType = sourcecode.c.c; path = CFMachPort.c; sourceTree = "<group>"; };
		18BEB53226900DC80025FB72 /* CFPropertyList.c */ = {isa = PBXFileReference; lastKnownFileType = sourcecode.c.c; path = CFPropertyList.c; sourceTree = "<group>"; };
		18BEB53326900DC80025FB72 /* CFStorage.c */ = {isa = PBXFileReference; lastKnownFileType = sourcecode.c.c; path = CFStorage.c; sourceTree = "<group>"; };
		18BEB53426900DC80025FB72 /* CFUniChar.c */ = {isa = PBXFileReference; lastKnownFileType = sourcecode.c.c; path = CFUniChar.c; sourceTree = "<group>"; };
		18BEB53526900DC80025FB72 /* CFUnicodeDecomposition.c */ = {isa = PBXFileReference; lastKnownFileType = sourcecode.c.c; path = CFUnicodeDecomposition.c; sourceTree = "<group>"; };
		18BEB53626900DC80025FB72 /* README_CFLITE */ = {isa = PBXFileReference; lastKnownFileType = text; path = README_CFLITE; sourceTree = "<group>"; };
		18BEB53726900DC80025FB72 /* CFLocaleIdentifier.c */ = {isa = PBXFileReference; lastKnownFileType = sourcecode.c.c; path = CFLocaleIdentifier.c; sourceTree = "<group>"; };
		18BEB53826900DC80025FB72 /* CFBinaryPList.c */ = {isa = PBXFileReference; lastKnownFileType = sourcecode.c.c; path = CFBinaryPList.c; sourceTree = "<group>"; };
		18BEB53926900DC80025FB72 /* CFICUConverters.c */ = {isa = PBXFileReference; lastKnownFileType = sourcecode.c.c; path = CFICUConverters.c; sourceTree = "<group>"; };
		18BEB53A26900DC80025FB72 /* CFPreferences.h */ = {isa = PBXFileReference; lastKnownFileType = sourcecode.c.h; path = CFPreferences.h; sourceTree = "<group>"; };
		18BEB53B26900DC90025FB72 /* CFError.c */ = {isa = PBXFileReference; lastKnownFileType = sourcecode.c.c; path = CFError.c; sourceTree = "<group>"; };
		18BEB53C26900DC90025FB72 /* CFXMLTree.c */ = {isa = PBXFileReference; lastKnownFileType = sourcecode.c.c; path = CFXMLTree.c; sourceTree = "<group>"; };
		18BEB53D26900DC90025FB72 /* CFArray.c */ = {isa = PBXFileReference; lastKnownFileType = sourcecode.c.c; path = CFArray.c; sourceTree = "<group>"; };
		18BEB53E26900DC90025FB72 /* CFError.h */ = {isa = PBXFileReference; lastKnownFileType = sourcecode.c.h; path = CFError.h; sourceTree = "<group>"; };
		18BEB53F26900DC90025FB72 /* CFBase.h */ = {isa = PBXFileReference; lastKnownFileType = sourcecode.c.h; path = CFBase.h; sourceTree = "<group>"; };
		18BEB54026900DC90025FB72 /* CFPreferences.c */ = {isa = PBXFileReference; lastKnownFileType = sourcecode.c.c; path = CFPreferences.c; sourceTree = "<group>"; };
		18BEB54126900DC90025FB72 /* CFStringEncodingConverterPriv.h */ = {isa = PBXFileReference; lastKnownFileType = sourcecode.c.h; path = CFStringEncodingConverterPriv.h; sourceTree = "<group>"; };
		18BEB54226900DC90025FB72 /* CoreFoundation_Prefix.h */ = {isa = PBXFileReference; lastKnownFileType = sourcecode.c.h; path = CoreFoundation_Prefix.h; sourceTree = "<group>"; };
		18BEB54326900DC90025FB72 /* MakefileLinux */ = {isa = PBXFileReference; lastKnownFileType = text; path = MakefileLinux; sourceTree = "<group>"; };
		18BEB54426900DC90025FB72 /* CFBitVector.c */ = {isa = PBXFileReference; lastKnownFileType = sourcecode.c.c; path = CFBitVector.c; sourceTree = "<group>"; };
		18BEB54526900DC90025FB72 /* CFPriv.h */ = {isa = PBXFileReference; lastKnownFileType = sourcecode.c.h; path = CFPriv.h; sourceTree = "<group>"; };
		18BEB54626900DC90025FB72 /* CFArray.h */ = {isa = PBXFileReference; lastKnownFileType = sourcecode.c.h; path = CFArray.h; sourceTree = "<group>"; };
		18BEB54726900DC90025FB72 /* CFURLAccess.h */ = {isa = PBXFileReference; lastKnownFileType = sourcecode.c.h; path = CFURLAccess.h; sourceTree = "<group>"; };
		18BEB54826900DC90025FB72 /* CFXMLPreferencesDomain.c */ = {isa = PBXFileReference; lastKnownFileType = sourcecode.c.c; path = CFXMLPreferencesDomain.c; sourceTree = "<group>"; };
		18BEB54926900DC90025FB72 /* CFError_Private.h */ = {isa = PBXFileReference; lastKnownFileType = sourcecode.c.h; path = CFError_Private.h; sourceTree = "<group>"; };
		18BEB54A26900DC90025FB72 /* CFCharacterSet.h */ = {isa = PBXFileReference; lastKnownFileType = sourcecode.c.h; path = CFCharacterSet.h; sourceTree = "<group>"; };
		18BEB54B26900DC90025FB72 /* CFBuiltinConverters.c */ = {isa = PBXFileReference; lastKnownFileType = sourcecode.c.c; path = CFBuiltinConverters.c; sourceTree = "<group>"; };
		18BEB54C26900DC90025FB72 /* CFNumber.h */ = {isa = PBXFileReference; lastKnownFileType = sourcecode.c.h; path = CFNumber.h; sourceTree = "<group>"; };
		18BEB54D26900DC90025FB72 /* CFStringDefaultEncoding.h */ = {isa = PBXFileReference; lastKnownFileType = sourcecode.c.h; path = CFStringDefaultEncoding.h; sourceTree = "<group>"; };
		18BEB54E26900DC90025FB72 /* Makefile */ = {isa = PBXFileReference; lastKnownFileType = sourcecode.make; path = Makefile; sourceTree = "<group>"; };
		18BEB54F26900DC90025FB72 /* CFUniCharPropertyDatabase.data */ = {isa = PBXFileReference; lastKnownFileType = file; path = CFUniCharPropertyDatabase.data; sourceTree = "<group>"; };
		18BEB55026900DC90025FB72 /* CFPropertyList.h */ = {isa = PBXFileReference; lastKnownFileType = sourcecode.c.h; path = CFPropertyList.h; sourceTree = "<group>"; };
		18BEB55726905E570025FB72 /* CFRunLoop的副本.c */ = {isa = PBXFileReference; lastKnownFileType = sourcecode.c.c; path = "CFRunLoop的副本.c"; sourceTree = "<group>"; };
		18C66BFE2654C0F200420D0B /* SourceCode.app */ = {isa = PBXFileReference; explicitFileType = wrapper.application; includeInIndex = 0; path = SourceCode.app; sourceTree = BUILT_PRODUCTS_DIR; };
		18C66C012654C0F200420D0B /* AppDelegate.h */ = {isa = PBXFileReference; lastKnownFileType = sourcecode.c.h; path = AppDelegate.h; sourceTree = "<group>"; };
		18C66C022654C0F200420D0B /* AppDelegate.m */ = {isa = PBXFileReference; lastKnownFileType = sourcecode.c.objc; path = AppDelegate.m; sourceTree = "<group>"; };
		18C66C042654C0F200420D0B /* SceneDelegate.h */ = {isa = PBXFileReference; lastKnownFileType = sourcecode.c.h; path = SceneDelegate.h; sourceTree = "<group>"; };
		18C66C052654C0F200420D0B /* SceneDelegate.m */ = {isa = PBXFileReference; lastKnownFileType = sourcecode.c.objc; path = SceneDelegate.m; sourceTree = "<group>"; };
		18C66C072654C0F200420D0B /* ViewController.h */ = {isa = PBXFileReference; lastKnownFileType = sourcecode.c.h; path = ViewController.h; sourceTree = "<group>"; };
		18C66C082654C0F200420D0B /* ViewController.m */ = {isa = PBXFileReference; lastKnownFileType = sourcecode.c.objc; path = ViewController.m; sourceTree = "<group>"; };
		18C66C0B2654C0F200420D0B /* Base */ = {isa = PBXFileReference; lastKnownFileType = file.storyboard; name = Base; path = Base.lproj/Main.storyboard; sourceTree = "<group>"; };
		18C66C0D2654C0F400420D0B /* Assets.xcassets */ = {isa = PBXFileReference; lastKnownFileType = folder.assetcatalog; path = Assets.xcassets; sourceTree = "<group>"; };
		18C66C102654C0F400420D0B /* Base */ = {isa = PBXFileReference; lastKnownFileType = file.storyboard; name = Base; path = Base.lproj/LaunchScreen.storyboard; sourceTree = "<group>"; };
		18C66C122654C0F400420D0B /* Info.plist */ = {isa = PBXFileReference; lastKnownFileType = text.plist.xml; path = Info.plist; sourceTree = "<group>"; };
		18C66C132654C0F400420D0B /* main.m */ = {isa = PBXFileReference; lastKnownFileType = sourcecode.c.objc; path = main.m; sourceTree = "<group>"; };
		18C66C192654C0F500420D0B /* SourceCodeTests.xctest */ = {isa = PBXFileReference; explicitFileType = wrapper.cfbundle; includeInIndex = 0; path = SourceCodeTests.xctest; sourceTree = BUILT_PRODUCTS_DIR; };
		18C66C1D2654C0F500420D0B /* SourceCodeTests.m */ = {isa = PBXFileReference; lastKnownFileType = sourcecode.c.objc; path = SourceCodeTests.m; sourceTree = "<group>"; };
		18C66C1F2654C0F500420D0B /* Info.plist */ = {isa = PBXFileReference; lastKnownFileType = text.plist.xml; path = Info.plist; sourceTree = "<group>"; };
		18C66C242654C0F500420D0B /* SourceCodeUITests.xctest */ = {isa = PBXFileReference; explicitFileType = wrapper.cfbundle; includeInIndex = 0; path = SourceCodeUITests.xctest; sourceTree = BUILT_PRODUCTS_DIR; };
		18C66C282654C0F500420D0B /* SourceCodeUITests.m */ = {isa = PBXFileReference; lastKnownFileType = sourcecode.c.objc; path = SourceCodeUITests.m; sourceTree = "<group>"; };
		18C66C2A2654C0F500420D0B /* Info.plist */ = {isa = PBXFileReference; lastKnownFileType = text.plist.xml; path = Info.plist; sourceTree = "<group>"; };
		18C66C392654C1EC00420D0B /* AFSecurityPolicy.h */ = {isa = PBXFileReference; fileEncoding = 4; lastKnownFileType = sourcecode.c.h; path = AFSecurityPolicy.h; sourceTree = "<group>"; };
		18C66C3A2654C1EC00420D0B /* AFNetworkReachabilityManager.h */ = {isa = PBXFileReference; fileEncoding = 4; lastKnownFileType = sourcecode.c.h; path = AFNetworkReachabilityManager.h; sourceTree = "<group>"; };
		18C66C3B2654C1EC00420D0B /* AFURLSessionManager.h */ = {isa = PBXFileReference; fileEncoding = 4; lastKnownFileType = sourcecode.c.h; path = AFURLSessionManager.h; sourceTree = "<group>"; };
		18C66C3C2654C1EC00420D0B /* AFURLRequestSerialization.h */ = {isa = PBXFileReference; fileEncoding = 4; lastKnownFileType = sourcecode.c.h; path = AFURLRequestSerialization.h; sourceTree = "<group>"; };
		18C66C3D2654C1EC00420D0B /* AFURLResponseSerialization.m */ = {isa = PBXFileReference; fileEncoding = 4; lastKnownFileType = sourcecode.c.objc; path = AFURLResponseSerialization.m; sourceTree = "<group>"; };
		18C66C3E2654C1EC00420D0B /* AFHTTPSessionManager.m */ = {isa = PBXFileReference; fileEncoding = 4; lastKnownFileType = sourcecode.c.objc; path = AFHTTPSessionManager.m; sourceTree = "<group>"; };
		18C66C3F2654C1EC00420D0B /* AFURLResponseSerialization.h */ = {isa = PBXFileReference; fileEncoding = 4; lastKnownFileType = sourcecode.c.h; path = AFURLResponseSerialization.h; sourceTree = "<group>"; };
		18C66C402654C1EC00420D0B /* AFURLSessionManager.m */ = {isa = PBXFileReference; fileEncoding = 4; lastKnownFileType = sourcecode.c.objc; path = AFURLSessionManager.m; sourceTree = "<group>"; };
		18C66C412654C1EC00420D0B /* AFURLRequestSerialization.m */ = {isa = PBXFileReference; fileEncoding = 4; lastKnownFileType = sourcecode.c.objc; path = AFURLRequestSerialization.m; sourceTree = "<group>"; };
		18C66C422654C1EC00420D0B /* AFNetworking.h */ = {isa = PBXFileReference; fileEncoding = 4; lastKnownFileType = sourcecode.c.h; path = AFNetworking.h; sourceTree = "<group>"; };
		18C66C432654C1EC00420D0B /* AFNetworkReachabilityManager.m */ = {isa = PBXFileReference; fileEncoding = 4; lastKnownFileType = sourcecode.c.objc; path = AFNetworkReachabilityManager.m; sourceTree = "<group>"; };
		18C66C442654C1EC00420D0B /* AFSecurityPolicy.m */ = {isa = PBXFileReference; fileEncoding = 4; lastKnownFileType = sourcecode.c.objc; path = AFSecurityPolicy.m; sourceTree = "<group>"; };
		18C66C452654C1EC00420D0B /* AFCompatibilityMacros.h */ = {isa = PBXFileReference; fileEncoding = 4; lastKnownFileType = sourcecode.c.h; path = AFCompatibilityMacros.h; sourceTree = "<group>"; };
		18C66C462654C1EC00420D0B /* AFHTTPSessionManager.h */ = {isa = PBXFileReference; fileEncoding = 4; lastKnownFileType = sourcecode.c.h; path = AFHTTPSessionManager.h; sourceTree = "<group>"; };
		18C66C502654FE0400420D0B /* UIProgressView+AFNetworking.m */ = {isa = PBXFileReference; fileEncoding = 4; lastKnownFileType = sourcecode.c.objc; path = "UIProgressView+AFNetworking.m"; sourceTree = "<group>"; };
		18C66C512654FE0400420D0B /* UIButton+AFNetworking.h */ = {isa = PBXFileReference; fileEncoding = 4; lastKnownFileType = sourcecode.c.h; path = "UIButton+AFNetworking.h"; sourceTree = "<group>"; };
		18C66C522654FE0400420D0B /* UIRefreshControl+AFNetworking.m */ = {isa = PBXFileReference; fileEncoding = 4; lastKnownFileType = sourcecode.c.objc; path = "UIRefreshControl+AFNetworking.m"; sourceTree = "<group>"; };
		18C66C532654FE0400420D0B /* UIImageView+AFNetworking.h */ = {isa = PBXFileReference; fileEncoding = 4; lastKnownFileType = sourcecode.c.h; path = "UIImageView+AFNetworking.h"; sourceTree = "<group>"; };
		18C66C542654FE0400420D0B /* AFImageDownloader.h */ = {isa = PBXFileReference; fileEncoding = 4; lastKnownFileType = sourcecode.c.h; path = AFImageDownloader.h; sourceTree = "<group>"; };
		18C66C552654FE0400420D0B /* AFNetworkActivityIndicatorManager.m */ = {isa = PBXFileReference; fileEncoding = 4; lastKnownFileType = sourcecode.c.objc; path = AFNetworkActivityIndicatorManager.m; sourceTree = "<group>"; };
		18C66C562654FE0400420D0B /* AFAutoPurgingImageCache.h */ = {isa = PBXFileReference; fileEncoding = 4; lastKnownFileType = sourcecode.c.h; path = AFAutoPurgingImageCache.h; sourceTree = "<group>"; };
		18C66C572654FE0400420D0B /* UIWebView+AFNetworking.h */ = {isa = PBXFileReference; fileEncoding = 4; lastKnownFileType = sourcecode.c.h; path = "UIWebView+AFNetworking.h"; sourceTree = "<group>"; };
		18C66C582654FE0400420D0B /* UIActivityIndicatorView+AFNetworking.h */ = {isa = PBXFileReference; fileEncoding = 4; lastKnownFileType = sourcecode.c.h; path = "UIActivityIndicatorView+AFNetworking.h"; sourceTree = "<group>"; };
		18C66C592654FE0400420D0B /* UIImage+AFNetworking.h */ = {isa = PBXFileReference; fileEncoding = 4; lastKnownFileType = sourcecode.c.h; path = "UIImage+AFNetworking.h"; sourceTree = "<group>"; };
		18C66C5A2654FE0400420D0B /* UIProgressView+AFNetworking.h */ = {isa = PBXFileReference; fileEncoding = 4; lastKnownFileType = sourcecode.c.h; path = "UIProgressView+AFNetworking.h"; sourceTree = "<group>"; };
		18C66C5B2654FE0400420D0B /* UIImageView+AFNetworking.m */ = {isa = PBXFileReference; fileEncoding = 4; lastKnownFileType = sourcecode.c.objc; path = "UIImageView+AFNetworking.m"; sourceTree = "<group>"; };
		18C66C5C2654FE0400420D0B /* UIKit+AFNetworking.h */ = {isa = PBXFileReference; fileEncoding = 4; lastKnownFileType = sourcecode.c.h; path = "UIKit+AFNetworking.h"; sourceTree = "<group>"; };
		18C66C5D2654FE0400420D0B /* UIRefreshControl+AFNetworking.h */ = {isa = PBXFileReference; fileEncoding = 4; lastKnownFileType = sourcecode.c.h; path = "UIRefreshControl+AFNetworking.h"; sourceTree = "<group>"; };
		18C66C5E2654FE0400420D0B /* UIButton+AFNetworking.m */ = {isa = PBXFileReference; fileEncoding = 4; lastKnownFileType = sourcecode.c.objc; path = "UIButton+AFNetworking.m"; sourceTree = "<group>"; };
		18C66C5F2654FE0400420D0B /* UIActivityIndicatorView+AFNetworking.m */ = {isa = PBXFileReference; fileEncoding = 4; lastKnownFileType = sourcecode.c.objc; path = "UIActivityIndicatorView+AFNetworking.m"; sourceTree = "<group>"; };
		18C66C602654FE0400420D0B /* UIWebView+AFNetworking.m */ = {isa = PBXFileReference; fileEncoding = 4; lastKnownFileType = sourcecode.c.objc; path = "UIWebView+AFNetworking.m"; sourceTree = "<group>"; };
		18C66C612654FE0400420D0B /* AFAutoPurgingImageCache.m */ = {isa = PBXFileReference; fileEncoding = 4; lastKnownFileType = sourcecode.c.objc; path = AFAutoPurgingImageCache.m; sourceTree = "<group>"; };
		18C66C622654FE0400420D0B /* AFNetworkActivityIndicatorManager.h */ = {isa = PBXFileReference; fileEncoding = 4; lastKnownFileType = sourcecode.c.h; path = AFNetworkActivityIndicatorManager.h; sourceTree = "<group>"; };
		18C66C632654FE0400420D0B /* AFImageDownloader.m */ = {isa = PBXFileReference; fileEncoding = 4; lastKnownFileType = sourcecode.c.objc; path = AFImageDownloader.m; sourceTree = "<group>"; };
/* End PBXFileReference section */

/* Begin PBXFrameworksBuildPhase section */
		18C66BFB2654C0F200420D0B /* Frameworks */ = {
			isa = PBXFrameworksBuildPhase;
			buildActionMask = 2147483647;
			files = (
			);
			runOnlyForDeploymentPostprocessing = 0;
		};
		18C66C162654C0F500420D0B /* Frameworks */ = {
			isa = PBXFrameworksBuildPhase;
			buildActionMask = 2147483647;
			files = (
			);
			runOnlyForDeploymentPostprocessing = 0;
		};
		18C66C212654C0F500420D0B /* Frameworks */ = {
			isa = PBXFrameworksBuildPhase;
			buildActionMask = 2147483647;
			files = (
			);
			runOnlyForDeploymentPostprocessing = 0;
		};
/* End PBXFrameworksBuildPhase section */

/* Begin PBXGroup section */
		1824972126B53E4C003269AD /* FDFullscreenPopGesture */ = {
			isa = PBXGroup;
			children = (
				1824972326B53E55003269AD /* UINavigationController+FDFullscreenPopGesture.h */,
				1824972226B53E55003269AD /* UINavigationController+FDFullscreenPopGesture.m */,
			);
			path = FDFullscreenPopGesture;
			sourceTree = "<group>";
		};
		1853E0AA265B91CE00F9227C /* Block */ = {
			isa = PBXGroup;
			children = (
			);
			path = Block;
			sourceTree = "<group>";
		};
		18636C5D2657B7E400A7AABA /* Runtime */ = {
			isa = PBXGroup;
			children = (
				18636C5E2657B99A00A7AABA /* RuntimeViewController.h */,
				18636C5F2657B99A00A7AABA /* RuntimeViewController.m */,
				18BAD93C268567BF0057EC4D /* Father+add.h */,
				18BAD93D268567BF0057EC4D /* Father+add.m */,
				185B22A4266A221E00F73807 /* NSObject+ZPModelMaper.h */,
				185B22A5266A221E00F73807 /* NSObject+ZPModelMaper.m */,
				189A8921266B0BB900242824 /* NSObject+ZPModelMaperSecond.h */,
				189A8922266B0BB900242824 /* NSObject+ZPModelMaperSecond.m */,
				1803D75F2658E8330018A909 /* son.h */,
				1803D7602658E8330018A909 /* son.m */,
			);
			path = Runtime;
			sourceTree = "<group>";
		};
		18BEB3A226900AD70025FB72 /* Runloop */ = {
			isa = PBXGroup;
			children = (
				18BEB4A926900DBD0025FB72 /* runloopsource-1153.18 */,
			);
			path = Runloop;
			sourceTree = "<group>";
		};
		18BEB4A926900DBD0025FB72 /* runloopsource-1153.18 */ = {
			isa = PBXGroup;
			children = (
				18BEB4C926900DC60025FB72 /* APPLE_LICENSE */,
				18BEB4ED26900DC70025FB72 /* CFApplicationPreferences.c */,
				18BEB53D26900DC90025FB72 /* CFArray.c */,
				18BEB54626900DC90025FB72 /* CFArray.h */,
				18BEB4B526900DC50025FB72 /* CFAvailability.h */,
				18BEB4E926900DC70025FB72 /* CFBag.c */,
				18BEB4E526900DC60025FB72 /* CFBag.h */,
				18BEB4FE26900DC70025FB72 /* CFBase.c */,
				18BEB53F26900DC90025FB72 /* CFBase.h */,
				18BEB50E26900DC70025FB72 /* CFBasicHash.c */,
				18BEB4D026900DC60025FB72 /* CFBasicHash.h */,
				18BEB51226900DC70025FB72 /* CFBasicHashFindBucket.m */,
				18BEB4D726900DC60025FB72 /* CFBigNumber.c */,
				18BEB4C126900DC50025FB72 /* CFBigNumber.h */,
				18BEB4EE26900DC70025FB72 /* CFBinaryHeap.c */,
				18BEB4C726900DC60025FB72 /* CFBinaryHeap.h */,
				18BEB53826900DC80025FB72 /* CFBinaryPList.c */,
				18BEB54426900DC90025FB72 /* CFBitVector.c */,
				18BEB4E426900DC60025FB72 /* CFBitVector.h */,
				18BEB54B26900DC90025FB72 /* CFBuiltinConverters.c */,
				18BEB51E26900DC80025FB72 /* CFBundle_Binary.c */,
				18BEB4DD26900DC60025FB72 /* CFBundle_BinaryTypes.h */,
				18BEB4DA26900DC60025FB72 /* CFBundle_Grok.c */,
				18BEB4AC26900DC50025FB72 /* CFBundle_InfoPlist.c */,
				18BEB50F26900DC70025FB72 /* CFBundle_Internal.h */,
				18BEB4EF26900DC70025FB72 /* CFBundle_Locale.c */,
				18BEB4E226900DC60025FB72 /* CFBundle_Resources.c */,
				18BEB4B026900DC50025FB72 /* CFBundle_Strings.c */,
				18BEB52F26900DC80025FB72 /* CFBundle.c */,
				18BEB4D926900DC60025FB72 /* CFBundle.h */,
				18BEB4EA26900DC70025FB72 /* CFBundlePriv.h */,
				18BEB4D426900DC60025FB72 /* CFBurstTrie.c */,
				18BEB52C26900DC80025FB72 /* CFBurstTrie.h */,
				18BEB4D826900DC60025FB72 /* CFByteOrder.h */,
				18BEB4F426900DC70025FB72 /* CFCalendar.c */,
				18BEB4F526900DC70025FB72 /* CFCalendar.h */,
				18BEB51426900DC80025FB72 /* CFCharacterSet.c */,
				18BEB54A26900DC90025FB72 /* CFCharacterSet.h */,
				18BEB51C26900DC80025FB72 /* CFCharacterSetBitmaps.bitmap */,
				18BEB51F26900DC80025FB72 /* CFCharacterSetPriv.h */,
				18BEB50526900DC70025FB72 /* CFConcreteStreams.c */,
				18BEB51526900DC80025FB72 /* CFData.c */,
				18BEB4CC26900DC60025FB72 /* CFData.h */,
				18BEB4D326900DC60025FB72 /* CFDate.c */,
				18BEB4B426900DC50025FB72 /* CFDate.h */,
				18BEB4DC26900DC60025FB72 /* CFDateFormatter.c */,
				18BEB52926900DC80025FB72 /* CFDateFormatter.h */,
				18BEB4F326900DC70025FB72 /* CFDictionary.c */,
				18BEB4C026900DC50025FB72 /* CFDictionary.h */,
				18BEB54926900DC90025FB72 /* CFError_Private.h */,
				18BEB53B26900DC90025FB72 /* CFError.c */,
				18BEB53E26900DC90025FB72 /* CFError.h */,
				18BEB4C626900DC60025FB72 /* CFFileUtilities.c */,
				18BEB53926900DC80025FB72 /* CFICUConverters.c */,
				18BEB4FF26900DC70025FB72 /* CFICUConverters.h */,
				18BEB4FB26900DC70025FB72 /* CFICULogging.h */,
				18BEB4D626900DC60025FB72 /* CFInternal.h */,
				18BEB4F026900DC70025FB72 /* CFLocale.c */,
				18BEB4BA26900DC50025FB72 /* CFLocale.h */,
				18BEB53726900DC80025FB72 /* CFLocaleIdentifier.c */,
				18BEB4C426900DC50025FB72 /* CFLocaleInternal.h */,
				18BEB4B626900DC50025FB72 /* CFLocaleKeys.c */,
				18BEB4C226900DC50025FB72 /* CFLogUtilities.h */,
				18BEB53126900DC80025FB72 /* CFMachPort.c */,
				18BEB50326900DC70025FB72 /* CFMachPort.h */,
				18BEB4D126900DC60025FB72 /* CFMessagePort.c */,
				18BEB4EC26900DC70025FB72 /* CFMessagePort.h */,
				18BEB4F226900DC70025FB72 /* CFNumber.c */,
				18BEB54C26900DC90025FB72 /* CFNumber.h */,
				18BEB51326900DC70025FB72 /* CFNumberFormatter.c */,
				18BEB50626900DC70025FB72 /* CFNumberFormatter.h */,
				18BEB4C526900DC60025FB72 /* CFOldStylePList.c */,
				18BEB52B26900DC80025FB72 /* CFPlatform.c */,
				18BEB51826900DC80025FB72 /* CFPlatformConverters.c */,
				18BEB4F626900DC70025FB72 /* CFPlugIn_Factory.c */,
				18BEB4BC26900DC50025FB72 /* CFPlugIn_Factory.h */,
				18BEB4CF26900DC60025FB72 /* CFPlugIn_Instance.c */,
				18BEB4F826900DC70025FB72 /* CFPlugIn_PlugIn.c */,
				18BEB4FC26900DC70025FB72 /* CFPlugIn.c */,
				18BEB52726900DC80025FB72 /* CFPlugIn.h */,
				18BEB4F126900DC70025FB72 /* CFPlugInCOM.h */,
				18BEB54026900DC90025FB72 /* CFPreferences.c */,
				18BEB53A26900DC80025FB72 /* CFPreferences.h */,
				18BEB54526900DC90025FB72 /* CFPriv.h */,
				18BEB53226900DC80025FB72 /* CFPropertyList.c */,
				18BEB55026900DC90025FB72 /* CFPropertyList.h */,
				18BEB4CE26900DC60025FB72 /* CFRunLoop.c */,
				18BEB55726905E570025FB72 /* CFRunLoop的副本.c */,
				18BEB53026900DC80025FB72 /* CFRunLoop.h */,
				18BEB4E026900DC60025FB72 /* CFRuntime.c */,
				18BEB4D226900DC60025FB72 /* CFRuntime.h */,
				18BEB52526900DC80025FB72 /* CFSet.c */,
				18BEB50C26900DC70025FB72 /* CFSet.h */,
				18BEB4AB26900DC50025FB72 /* CFSocket.c */,
				18BEB52026900DC80025FB72 /* CFSocket.h */,
				18BEB4C326900DC50025FB72 /* CFSocketStream.c */,
				18BEB4B126900DC50025FB72 /* CFSortFunctions.c */,
				18BEB53326900DC80025FB72 /* CFStorage.c */,
				18BEB4B826900DC50025FB72 /* CFStorage.h */,
				18BEB4B226900DC50025FB72 /* CFStream.c */,
				18BEB4CB26900DC60025FB72 /* CFStream.h */,
				18BEB50026900DC70025FB72 /* CFStreamAbstract.h */,
				18BEB51626900DC80025FB72 /* CFStreamInternal.h */,
				18BEB51726900DC80025FB72 /* CFStreamPriv.h */,
				18BEB4AD26900DC50025FB72 /* CFString.c */,
				18BEB51A26900DC80025FB72 /* CFString.h */,
				18BEB54D26900DC90025FB72 /* CFStringDefaultEncoding.h */,
				18BEB51026900DC70025FB72 /* CFStringEncodingConverter.c */,
				18BEB4E826900DC70025FB72 /* CFStringEncodingConverter.h */,
				18BEB4BF26900DC50025FB72 /* CFStringEncodingConverterExt.h */,
				18BEB54126900DC90025FB72 /* CFStringEncodingConverterPriv.h */,
				18BEB4E326900DC60025FB72 /* CFStringEncodingDatabase.c */,
				18BEB4D526900DC60025FB72 /* CFStringEncodingDatabase.h */,
				18BEB50126900DC70025FB72 /* CFStringEncodingExt.h */,
				18BEB4E726900DC60025FB72 /* CFStringEncodings.c */,
				18BEB4DE26900DC60025FB72 /* CFStringScanner.c */,
				18BEB51B26900DC80025FB72 /* CFStringUtilities.c */,
				18BEB50426900DC70025FB72 /* CFSystemDirectories.c */,
				18BEB51926900DC80025FB72 /* CFTimeZone.c */,
				18BEB50D26900DC70025FB72 /* CFTimeZone.h */,
				18BEB4B726900DC50025FB72 /* CFTree.c */,
				18BEB52D26900DC80025FB72 /* CFTree.h */,
				18BEB53426900DC80025FB72 /* CFUniChar.c */,
				18BEB4F726900DC70025FB72 /* CFUniChar.h */,
				18BEB52626900DC80025FB72 /* CFUniCharPriv.h */,
				18BEB54F26900DC90025FB72 /* CFUniCharPropertyDatabase.data */,
				18BEB4DB26900DC60025FB72 /* CFUnicodeData-B.mapping */,
				18BEB50726900DC70025FB72 /* CFUnicodeData-L.mapping */,
				18BEB53526900DC80025FB72 /* CFUnicodeDecomposition.c */,
				18BEB4FD26900DC70025FB72 /* CFUnicodeDecomposition.h */,
				18BEB4EB26900DC70025FB72 /* CFUnicodePrecomposition.c */,
				18BEB4E626900DC60025FB72 /* CFUnicodePrecomposition.h */,
				18BEB4C826900DC60025FB72 /* CFURL.c */,
				18BEB4AA26900DC50025FB72 /* CFURL.h */,
				18BEB52226900DC80025FB72 /* CFURL.inc.h */,
				18BEB50226900DC70025FB72 /* CFURLAccess.c */,
				18BEB54726900DC90025FB72 /* CFURLAccess.h */,
				18BEB4BD26900DC50025FB72 /* CFURLPriv.h */,
				18BEB52126900DC80025FB72 /* CFUserNotification.c */,
				18BEB4BE26900DC50025FB72 /* CFUserNotification.h */,
				18BEB50826900DC70025FB72 /* CFUtilities.c */,
				18BEB51D26900DC80025FB72 /* CFUtilities.h */,
				18BEB52826900DC80025FB72 /* CFUUID.c */,
				18BEB4F926900DC70025FB72 /* CFUUID.h */,
				18BEB51126900DC70025FB72 /* CFVersion.c */,
				18BEB4FA26900DC70025FB72 /* CFWindowsUtilities.c */,
				18BEB4B326900DC50025FB72 /* CFXMLInputStream.c */,
				18BEB4B926900DC50025FB72 /* CFXMLInputStream.h */,
				18BEB4AF26900DC50025FB72 /* CFXMLNode.c */,
				18BEB4BB26900DC50025FB72 /* CFXMLNode.h */,
				18BEB52E26900DC80025FB72 /* CFXMLParser.c */,
				18BEB4DF26900DC60025FB72 /* CFXMLParser.h */,
				18BEB54826900DC90025FB72 /* CFXMLPreferencesDomain.c */,
				18BEB53C26900DC90025FB72 /* CFXMLTree.c */,
				18BEB54226900DC90025FB72 /* CoreFoundation_Prefix.h */,
				18BEB50926900DC70025FB72 /* CoreFoundation.h */,
				18BEB52326900DC80025FB72 /* Examples */,
				18BEB4E126900DC60025FB72 /* ForFoundationOnly.h */,
				18BEB50A26900DC70025FB72 /* Info.plist */,
				18BEB54E26900DC90025FB72 /* Makefile */,
				18BEB54326900DC90025FB72 /* MakefileLinux */,
				18BEB50B26900DC70025FB72 /* MakefileVersion */,
				18BEB4AE26900DC50025FB72 /* plconvert.c */,
				18BEB4CD26900DC60025FB72 /* PropertyList.dtd */,
				18BEB53626900DC80025FB72 /* README_CFLITE */,
				18BEB4CA26900DC60025FB72 /* SymbolAliases */,
				18BEB52A26900DC80025FB72 /* TargetConditionals.h */,
			);
			path = "runloopsource-1153.18";
			sourceTree = "<group>";
		};
		18BEB52326900DC80025FB72 /* Examples */ = {
			isa = PBXGroup;
			children = (
				18BEB52426900DC80025FB72 /* plconvert.c */,
			);
			path = Examples;
			sourceTree = "<group>";
		};
		18C66BF52654C0F200420D0B = {
			isa = PBXGroup;
			children = (
				18C66C002654C0F200420D0B /* SourceCode */,
				18C66C1C2654C0F500420D0B /* SourceCodeTests */,
				18C66C272654C0F500420D0B /* SourceCodeUITests */,
				18C66BFF2654C0F200420D0B /* Products */,
			);
			sourceTree = "<group>";
		};
		18C66BFF2654C0F200420D0B /* Products */ = {
			isa = PBXGroup;
			children = (
				18C66BFE2654C0F200420D0B /* SourceCode.app */,
				18C66C192654C0F500420D0B /* SourceCodeTests.xctest */,
				18C66C242654C0F500420D0B /* SourceCodeUITests.xctest */,
			);
			name = Products;
			sourceTree = "<group>";
		};
		18C66C002654C0F200420D0B /* SourceCode */ = {
			isa = PBXGroup;
			children = (
				18C66C362654C11700420D0B /* 源码解读 */,
				18C66C012654C0F200420D0B /* AppDelegate.h */,
				18C66C022654C0F200420D0B /* AppDelegate.m */,
				18C66C042654C0F200420D0B /* SceneDelegate.h */,
				18C66C052654C0F200420D0B /* SceneDelegate.m */,
				18C66C072654C0F200420D0B /* ViewController.h */,
				18C66C082654C0F200420D0B /* ViewController.m */,
				18636C5726578EA100A7AABA /* ZPNetManager.h */,
				18636C5826578EA100A7AABA /* ZPNetManager.m */,
				18C66C0A2654C0F200420D0B /* Main.storyboard */,
				18C66C0D2654C0F400420D0B /* Assets.xcassets */,
				18C66C0F2654C0F400420D0B /* LaunchScreen.storyboard */,
				18C66C122654C0F400420D0B /* Info.plist */,
				1803D7592658E8240018A909 /* Father.h */,
				1803D75A2658E8240018A909 /* Father.m */,
				18C66C132654C0F400420D0B /* main.m */,
			);
			path = SourceCode;
			sourceTree = "<group>";
		};
		18C66C1C2654C0F500420D0B /* SourceCodeTests */ = {
			isa = PBXGroup;
			children = (
				18C66C1D2654C0F500420D0B /* SourceCodeTests.m */,
				18C66C1F2654C0F500420D0B /* Info.plist */,
			);
			path = SourceCodeTests;
			sourceTree = "<group>";
		};
		18C66C272654C0F500420D0B /* SourceCodeUITests */ = {
			isa = PBXGroup;
			children = (
				18C66C282654C0F500420D0B /* SourceCodeUITests.m */,
				18C66C2A2654C0F500420D0B /* Info.plist */,
			);
			path = SourceCodeUITests;
			sourceTree = "<group>";
		};
		18C66C362654C11700420D0B /* 源码解读 */ = {
			isa = PBXGroup;
			children = (
				1824972126B53E4C003269AD /* FDFullscreenPopGesture */,
				18BEB3A226900AD70025FB72 /* Runloop */,
				1853E0AA265B91CE00F9227C /* Block */,
				18636C5D2657B7E400A7AABA /* Runtime */,
				18C66C372654C1E000420D0B /* AFN3.2.1 */,
			);
			path = "源码解读";
			sourceTree = "<group>";
		};
		18C66C372654C1E000420D0B /* AFN3.2.1 */ = {
			isa = PBXGroup;
			children = (
				18C66C4F2654FE0400420D0B /* UIKit+AFNetworking */,
				18C66C382654C1EC00420D0B /* AFNetworking */,
			);
			path = AFN3.2.1;
			sourceTree = "<group>";
		};
		18C66C382654C1EC00420D0B /* AFNetworking */ = {
			isa = PBXGroup;
			children = (
				18C66C452654C1EC00420D0B /* AFCompatibilityMacros.h */,
				18C66C462654C1EC00420D0B /* AFHTTPSessionManager.h */,
				18C66C3E2654C1EC00420D0B /* AFHTTPSessionManager.m */,
				18C66C422654C1EC00420D0B /* AFNetworking.h */,
				18C66C3A2654C1EC00420D0B /* AFNetworkReachabilityManager.h */,
				18C66C432654C1EC00420D0B /* AFNetworkReachabilityManager.m */,
				18C66C392654C1EC00420D0B /* AFSecurityPolicy.h */,
				18C66C442654C1EC00420D0B /* AFSecurityPolicy.m */,
				18C66C3C2654C1EC00420D0B /* AFURLRequestSerialization.h */,
				18C66C412654C1EC00420D0B /* AFURLRequestSerialization.m */,
				18C66C3F2654C1EC00420D0B /* AFURLResponseSerialization.h */,
				18C66C3D2654C1EC00420D0B /* AFURLResponseSerialization.m */,
				18C66C3B2654C1EC00420D0B /* AFURLSessionManager.h */,
				18C66C402654C1EC00420D0B /* AFURLSessionManager.m */,
			);
			path = AFNetworking;
			sourceTree = "<group>";
		};
		18C66C4F2654FE0400420D0B /* UIKit+AFNetworking */ = {
			isa = PBXGroup;
			children = (
				18C66C562654FE0400420D0B /* AFAutoPurgingImageCache.h */,
				18C66C612654FE0400420D0B /* AFAutoPurgingImageCache.m */,
				18C66C542654FE0400420D0B /* AFImageDownloader.h */,
				18C66C632654FE0400420D0B /* AFImageDownloader.m */,
				18C66C622654FE0400420D0B /* AFNetworkActivityIndicatorManager.h */,
				18C66C552654FE0400420D0B /* AFNetworkActivityIndicatorManager.m */,
				18C66C582654FE0400420D0B /* UIActivityIndicatorView+AFNetworking.h */,
				18C66C5F2654FE0400420D0B /* UIActivityIndicatorView+AFNetworking.m */,
				18C66C512654FE0400420D0B /* UIButton+AFNetworking.h */,
				18C66C5E2654FE0400420D0B /* UIButton+AFNetworking.m */,
				18C66C592654FE0400420D0B /* UIImage+AFNetworking.h */,
				18C66C532654FE0400420D0B /* UIImageView+AFNetworking.h */,
				18C66C5B2654FE0400420D0B /* UIImageView+AFNetworking.m */,
				18C66C5C2654FE0400420D0B /* UIKit+AFNetworking.h */,
				18C66C5A2654FE0400420D0B /* UIProgressView+AFNetworking.h */,
				18C66C502654FE0400420D0B /* UIProgressView+AFNetworking.m */,
				18C66C5D2654FE0400420D0B /* UIRefreshControl+AFNetworking.h */,
				18C66C522654FE0400420D0B /* UIRefreshControl+AFNetworking.m */,
				18C66C572654FE0400420D0B /* UIWebView+AFNetworking.h */,
				18C66C602654FE0400420D0B /* UIWebView+AFNetworking.m */,
			);
			path = "UIKit+AFNetworking";
			sourceTree = "<group>";
		};
/* End PBXGroup section */

/* Begin PBXNativeTarget section */
		18C66BFD2654C0F200420D0B /* SourceCode */ = {
			isa = PBXNativeTarget;
			buildConfigurationList = 18C66C2D2654C0F500420D0B /* Build configuration list for PBXNativeTarget "SourceCode" */;
			buildPhases = (
				18C66BFA2654C0F200420D0B /* Sources */,
				18C66BFB2654C0F200420D0B /* Frameworks */,
				18C66BFC2654C0F200420D0B /* Resources */,
			);
			buildRules = (
			);
			dependencies = (
			);
			name = SourceCode;
			productName = SourceCode;
			productReference = 18C66BFE2654C0F200420D0B /* SourceCode.app */;
			productType = "com.apple.product-type.application";
		};
		18C66C182654C0F500420D0B /* SourceCodeTests */ = {
			isa = PBXNativeTarget;
			buildConfigurationList = 18C66C302654C0F500420D0B /* Build configuration list for PBXNativeTarget "SourceCodeTests" */;
			buildPhases = (
				18C66C152654C0F500420D0B /* Sources */,
				18C66C162654C0F500420D0B /* Frameworks */,
				18C66C172654C0F500420D0B /* Resources */,
			);
			buildRules = (
			);
			dependencies = (
				18C66C1B2654C0F500420D0B /* PBXTargetDependency */,
			);
			name = SourceCodeTests;
			productName = SourceCodeTests;
			productReference = 18C66C192654C0F500420D0B /* SourceCodeTests.xctest */;
			productType = "com.apple.product-type.bundle.unit-test";
		};
		18C66C232654C0F500420D0B /* SourceCodeUITests */ = {
			isa = PBXNativeTarget;
			buildConfigurationList = 18C66C332654C0F500420D0B /* Build configuration list for PBXNativeTarget "SourceCodeUITests" */;
			buildPhases = (
				18C66C202654C0F500420D0B /* Sources */,
				18C66C212654C0F500420D0B /* Frameworks */,
				18C66C222654C0F500420D0B /* Resources */,
			);
			buildRules = (
			);
			dependencies = (
				18C66C262654C0F500420D0B /* PBXTargetDependency */,
			);
			name = SourceCodeUITests;
			productName = SourceCodeUITests;
			productReference = 18C66C242654C0F500420D0B /* SourceCodeUITests.xctest */;
			productType = "com.apple.product-type.bundle.ui-testing";
		};
/* End PBXNativeTarget section */

/* Begin PBXProject section */
		18C66BF62654C0F200420D0B /* Project object */ = {
			isa = PBXProject;
			attributes = {
				DefaultBuildSystemTypeForWorkspace = Original;
				LastUpgradeCheck = 1240;
				TargetAttributes = {
					18C66BFD2654C0F200420D0B = {
						CreatedOnToolsVersion = 12.4;
					};
					18C66C182654C0F500420D0B = {
						CreatedOnToolsVersion = 12.4;
						TestTargetID = 18C66BFD2654C0F200420D0B;
					};
					18C66C232654C0F500420D0B = {
						CreatedOnToolsVersion = 12.4;
						TestTargetID = 18C66BFD2654C0F200420D0B;
					};
				};
			};
			buildConfigurationList = 18C66BF92654C0F200420D0B /* Build configuration list for PBXProject "SourceCode" */;
			compatibilityVersion = "Xcode 9.3";
			developmentRegion = en;
			hasScannedForEncodings = 0;
			knownRegions = (
				en,
				Base,
			);
			mainGroup = 18C66BF52654C0F200420D0B;
			productRefGroup = 18C66BFF2654C0F200420D0B /* Products */;
			projectDirPath = "";
			projectRoot = "";
			targets = (
				18C66BFD2654C0F200420D0B /* SourceCode */,
				18C66C182654C0F500420D0B /* SourceCodeTests */,
				18C66C232654C0F500420D0B /* SourceCodeUITests */,
			);
		};
/* End PBXProject section */

/* Begin PBXResourcesBuildPhase section */
		18C66BFC2654C0F200420D0B /* Resources */ = {
			isa = PBXResourcesBuildPhase;
			buildActionMask = 2147483647;
			files = (
				18C66C112654C0F400420D0B /* LaunchScreen.storyboard in Resources */,
				18C66C0E2654C0F400420D0B /* Assets.xcassets in Resources */,
				18C66C0C2654C0F200420D0B /* Main.storyboard in Resources */,
			);
			runOnlyForDeploymentPostprocessing = 0;
		};
		18C66C172654C0F500420D0B /* Resources */ = {
			isa = PBXResourcesBuildPhase;
			buildActionMask = 2147483647;
			files = (
			);
			runOnlyForDeploymentPostprocessing = 0;
		};
		18C66C222654C0F500420D0B /* Resources */ = {
			isa = PBXResourcesBuildPhase;
			buildActionMask = 2147483647;
			files = (
			);
			runOnlyForDeploymentPostprocessing = 0;
		};
/* End PBXResourcesBuildPhase section */

/* Begin PBXSourcesBuildPhase section */
		18C66BFA2654C0F200420D0B /* Sources */ = {
			isa = PBXSourcesBuildPhase;
			buildActionMask = 2147483647;
			files = (
				18C66C092654C0F200420D0B /* ViewController.m in Sources */,
				18BAD93E268567BF0057EC4D /* Father+add.m in Sources */,
				1803D7612658E8330018A909 /* son.m in Sources */,
				1824972426B53E55003269AD /* UINavigationController+FDFullscreenPopGesture.m in Sources */,
				18636C602657B99A00A7AABA /* RuntimeViewController.m in Sources */,
				18C66C4B2654C1EC00420D0B /* AFNetworkReachabilityManager.m in Sources */,
				18C66C652654FE0400420D0B /* UIRefreshControl+AFNetworking.m in Sources */,
				18C66C642654FE0400420D0B /* UIProgressView+AFNetworking.m in Sources */,
				18C66C032654C0F200420D0B /* AppDelegate.m in Sources */,
				18C66C672654FE0400420D0B /* UIImageView+AFNetworking.m in Sources */,
				18C66C142654C0F400420D0B /* main.m in Sources */,
				18C66C492654C1EC00420D0B /* AFURLSessionManager.m in Sources */,
				1803D75B2658E8240018A909 /* Father.m in Sources */,
				18C66C482654C1EC00420D0B /* AFHTTPSessionManager.m in Sources */,
				18C66C4C2654C1EC00420D0B /* AFSecurityPolicy.m in Sources */,
				18C66C6A2654FE0400420D0B /* UIWebView+AFNetworking.m in Sources */,
				18C66C662654FE0400420D0B /* AFNetworkActivityIndicatorManager.m in Sources */,
				18C66C6C2654FE0400420D0B /* AFImageDownloader.m in Sources */,
				185B22A6266A221E00F73807 /* NSObject+ZPModelMaper.m in Sources */,
				18C66C682654FE0400420D0B /* UIButton+AFNetworking.m in Sources */,
				18C66C062654C0F200420D0B /* SceneDelegate.m in Sources */,
				18C66C472654C1EC00420D0B /* AFURLResponseSerialization.m in Sources */,
				18C66C6B2654FE0400420D0B /* AFAutoPurgingImageCache.m in Sources */,
				18636C5926578EA100A7AABA /* ZPNetManager.m in Sources */,
				18C66C692654FE0400420D0B /* UIActivityIndicatorView+AFNetworking.m in Sources */,
				189A8923266B0BB900242824 /* NSObject+ZPModelMaperSecond.m in Sources */,
				18C66C4A2654C1EC00420D0B /* AFURLRequestSerialization.m in Sources */,
			);
			runOnlyForDeploymentPostprocessing = 0;
		};
		18C66C152654C0F500420D0B /* Sources */ = {
			isa = PBXSourcesBuildPhase;
			buildActionMask = 2147483647;
			files = (
				18C66C1E2654C0F500420D0B /* SourceCodeTests.m in Sources */,
			);
			runOnlyForDeploymentPostprocessing = 0;
		};
		18C66C202654C0F500420D0B /* Sources */ = {
			isa = PBXSourcesBuildPhase;
			buildActionMask = 2147483647;
			files = (
				18C66C292654C0F500420D0B /* SourceCodeUITests.m in Sources */,
			);
			runOnlyForDeploymentPostprocessing = 0;
		};
/* End PBXSourcesBuildPhase section */

/* Begin PBXTargetDependency section */
		18C66C1B2654C0F500420D0B /* PBXTargetDependency */ = {
			isa = PBXTargetDependency;
			target = 18C66BFD2654C0F200420D0B /* SourceCode */;
			targetProxy = 18C66C1A2654C0F500420D0B /* PBXContainerItemProxy */;
		};
		18C66C262654C0F500420D0B /* PBXTargetDependency */ = {
			isa = PBXTargetDependency;
			target = 18C66BFD2654C0F200420D0B /* SourceCode */;
			targetProxy = 18C66C252654C0F500420D0B /* PBXContainerItemProxy */;
		};
/* End PBXTargetDependency section */

/* Begin PBXVariantGroup section */
		18C66C0A2654C0F200420D0B /* Main.storyboard */ = {
			isa = PBXVariantGroup;
			children = (
				18C66C0B2654C0F200420D0B /* Base */,
			);
			name = Main.storyboard;
			sourceTree = "<group>";
		};
		18C66C0F2654C0F400420D0B /* LaunchScreen.storyboard */ = {
			isa = PBXVariantGroup;
			children = (
				18C66C102654C0F400420D0B /* Base */,
			);
			name = LaunchScreen.storyboard;
			sourceTree = "<group>";
		};
/* End PBXVariantGroup section */

/* Begin XCBuildConfiguration section */
		18C66C2B2654C0F500420D0B /* Debug */ = {
			isa = XCBuildConfiguration;
			buildSettings = {
				ALWAYS_SEARCH_USER_PATHS = NO;
				CLANG_ANALYZER_NONNULL = YES;
				CLANG_ANALYZER_NUMBER_OBJECT_CONVERSION = YES_AGGRESSIVE;
				CLANG_CXX_LANGUAGE_STANDARD = "gnu++14";
				CLANG_CXX_LIBRARY = "libc++";
				CLANG_ENABLE_MODULES = YES;
				CLANG_ENABLE_OBJC_ARC = YES;
				CLANG_ENABLE_OBJC_WEAK = YES;
				CLANG_WARN_BLOCK_CAPTURE_AUTORELEASING = YES;
				CLANG_WARN_BOOL_CONVERSION = YES;
				CLANG_WARN_COMMA = YES;
				CLANG_WARN_CONSTANT_CONVERSION = YES;
				CLANG_WARN_DEPRECATED_OBJC_IMPLEMENTATIONS = YES;
				CLANG_WARN_DIRECT_OBJC_ISA_USAGE = YES_ERROR;
				CLANG_WARN_DOCUMENTATION_COMMENTS = YES;
				CLANG_WARN_EMPTY_BODY = YES;
				CLANG_WARN_ENUM_CONVERSION = YES;
				CLANG_WARN_INFINITE_RECURSION = YES;
				CLANG_WARN_INT_CONVERSION = YES;
				CLANG_WARN_NON_LITERAL_NULL_CONVERSION = YES;
				CLANG_WARN_OBJC_IMPLICIT_RETAIN_SELF = YES;
				CLANG_WARN_OBJC_LITERAL_CONVERSION = YES;
				CLANG_WARN_OBJC_ROOT_CLASS = YES_ERROR;
				CLANG_WARN_QUOTED_INCLUDE_IN_FRAMEWORK_HEADER = YES;
				CLANG_WARN_RANGE_LOOP_ANALYSIS = YES;
				CLANG_WARN_STRICT_PROTOTYPES = YES;
				CLANG_WARN_SUSPICIOUS_MOVE = YES;
				CLANG_WARN_UNGUARDED_AVAILABILITY = YES_AGGRESSIVE;
				CLANG_WARN_UNREACHABLE_CODE = YES;
				CLANG_WARN__DUPLICATE_METHOD_MATCH = YES;
				COPY_PHASE_STRIP = NO;
				DEBUG_INFORMATION_FORMAT = dwarf;
				ENABLE_STRICT_OBJC_MSGSEND = YES;
				ENABLE_TESTABILITY = YES;
				GCC_C_LANGUAGE_STANDARD = gnu11;
				GCC_DYNAMIC_NO_PIC = NO;
				GCC_NO_COMMON_BLOCKS = YES;
				GCC_OPTIMIZATION_LEVEL = 0;
				GCC_PREPROCESSOR_DEFINITIONS = (
					"DEBUG=1",
					"$(inherited)",
				);
				GCC_WARN_64_TO_32_BIT_CONVERSION = YES;
				GCC_WARN_ABOUT_RETURN_TYPE = YES_ERROR;
				GCC_WARN_UNDECLARED_SELECTOR = YES;
				GCC_WARN_UNINITIALIZED_AUTOS = YES_AGGRESSIVE;
				GCC_WARN_UNUSED_FUNCTION = YES;
				GCC_WARN_UNUSED_VARIABLE = YES;
				IPHONEOS_DEPLOYMENT_TARGET = 14.4;
				MTL_ENABLE_DEBUG_INFO = INCLUDE_SOURCE;
				MTL_FAST_MATH = YES;
				ONLY_ACTIVE_ARCH = YES;
				SDKROOT = iphoneos;
			};
			name = Debug;
		};
		18C66C2C2654C0F500420D0B /* Release */ = {
			isa = XCBuildConfiguration;
			buildSettings = {
				ALWAYS_SEARCH_USER_PATHS = NO;
				CLANG_ANALYZER_NONNULL = YES;
				CLANG_ANALYZER_NUMBER_OBJECT_CONVERSION = YES_AGGRESSIVE;
				CLANG_CXX_LANGUAGE_STANDARD = "gnu++14";
				CLANG_CXX_LIBRARY = "libc++";
				CLANG_ENABLE_MODULES = YES;
				CLANG_ENABLE_OBJC_ARC = YES;
				CLANG_ENABLE_OBJC_WEAK = YES;
				CLANG_WARN_BLOCK_CAPTURE_AUTORELEASING = YES;
				CLANG_WARN_BOOL_CONVERSION = YES;
				CLANG_WARN_COMMA = YES;
				CLANG_WARN_CONSTANT_CONVERSION = YES;
				CLANG_WARN_DEPRECATED_OBJC_IMPLEMENTATIONS = YES;
				CLANG_WARN_DIRECT_OBJC_ISA_USAGE = YES_ERROR;
				CLANG_WARN_DOCUMENTATION_COMMENTS = YES;
				CLANG_WARN_EMPTY_BODY = YES;
				CLANG_WARN_ENUM_CONVERSION = YES;
				CLANG_WARN_INFINITE_RECURSION = YES;
				CLANG_WARN_INT_CONVERSION = YES;
				CLANG_WARN_NON_LITERAL_NULL_CONVERSION = YES;
				CLANG_WARN_OBJC_IMPLICIT_RETAIN_SELF = YES;
				CLANG_WARN_OBJC_LITERAL_CONVERSION = YES;
				CLANG_WARN_OBJC_ROOT_CLASS = YES_ERROR;
				CLANG_WARN_QUOTED_INCLUDE_IN_FRAMEWORK_HEADER = YES;
				CLANG_WARN_RANGE_LOOP_ANALYSIS = YES;
				CLANG_WARN_STRICT_PROTOTYPES = YES;
				CLANG_WARN_SUSPICIOUS_MOVE = YES;
				CLANG_WARN_UNGUARDED_AVAILABILITY = YES_AGGRESSIVE;
				CLANG_WARN_UNREACHABLE_CODE = YES;
				CLANG_WARN__DUPLICATE_METHOD_MATCH = YES;
				COPY_PHASE_STRIP = NO;
				DEBUG_INFORMATION_FORMAT = "dwarf-with-dsym";
				ENABLE_NS_ASSERTIONS = NO;
				ENABLE_STRICT_OBJC_MSGSEND = YES;
				GCC_C_LANGUAGE_STANDARD = gnu11;
				GCC_NO_COMMON_BLOCKS = YES;
				GCC_WARN_64_TO_32_BIT_CONVERSION = YES;
				GCC_WARN_ABOUT_RETURN_TYPE = YES_ERROR;
				GCC_WARN_UNDECLARED_SELECTOR = YES;
				GCC_WARN_UNINITIALIZED_AUTOS = YES_AGGRESSIVE;
				GCC_WARN_UNUSED_FUNCTION = YES;
				GCC_WARN_UNUSED_VARIABLE = YES;
				IPHONEOS_DEPLOYMENT_TARGET = 14.4;
				MTL_ENABLE_DEBUG_INFO = NO;
				MTL_FAST_MATH = YES;
				SDKROOT = iphoneos;
				VALIDATE_PRODUCT = YES;
			};
			name = Release;
		};
		18C66C2E2654C0F500420D0B /* Debug */ = {
			isa = XCBuildConfiguration;
			buildSettings = {
				ASSETCATALOG_COMPILER_APPICON_NAME = AppIcon;
				ASSETCATALOG_COMPILER_GLOBAL_ACCENT_COLOR_NAME = AccentColor;
				CLANG_ENABLE_OBJC_ARC = YES;
				CLANG_WARN_BLOCK_CAPTURE_AUTORELEASING = YES;
				CODE_SIGN_STYLE = Automatic;
				DEVELOPMENT_TEAM = Y8T88UL9N7;
				INFOPLIST_FILE = SourceCode/Info.plist;
				IPHONEOS_DEPLOYMENT_TARGET = 11.0;
				LD_RUNPATH_SEARCH_PATHS = (
					"$(inherited)",
					"@executable_path/Frameworks",
				);
				PRODUCT_BUNDLE_IDENTIFIER = com.test.moreproject.SourceCode;
				PRODUCT_NAME = "$(TARGET_NAME)";
				TARGETED_DEVICE_FAMILY = 1;
			};
			name = Debug;
		};
		18C66C2F2654C0F500420D0B /* Release */ = {
			isa = XCBuildConfiguration;
			buildSettings = {
				ASSETCATALOG_COMPILER_APPICON_NAME = AppIcon;
				ASSETCATALOG_COMPILER_GLOBAL_ACCENT_COLOR_NAME = AccentColor;
				CLANG_ENABLE_OBJC_ARC = YES;
				CLANG_WARN_BLOCK_CAPTURE_AUTORELEASING = YES;
				CODE_SIGN_STYLE = Automatic;
				DEVELOPMENT_TEAM = Y8T88UL9N7;
				INFOPLIST_FILE = SourceCode/Info.plist;
				IPHONEOS_DEPLOYMENT_TARGET = 11.0;
				LD_RUNPATH_SEARCH_PATHS = (
					"$(inherited)",
					"@executable_path/Frameworks",
				);
				PRODUCT_BUNDLE_IDENTIFIER = com.test.moreproject.SourceCode;
				PRODUCT_NAME = "$(TARGET_NAME)";
				TARGETED_DEVICE_FAMILY = 1;
			};
			name = Release;
		};
		18C66C312654C0F500420D0B /* Debug */ = {
			isa = XCBuildConfiguration;
			buildSettings = {
				BUNDLE_LOADER = "$(TEST_HOST)";
				CODE_SIGN_STYLE = Automatic;
				DEVELOPMENT_TEAM = Y8T88UL9N7;
				INFOPLIST_FILE = SourceCodeTests/Info.plist;
				IPHONEOS_DEPLOYMENT_TARGET = 14.4;
				LD_RUNPATH_SEARCH_PATHS = (
					"$(inherited)",
					"@executable_path/Frameworks",
					"@loader_path/Frameworks",
				);
				PRODUCT_BUNDLE_IDENTIFIER = com.test.moreproject.SourceCodeTests;
				PRODUCT_NAME = "$(TARGET_NAME)";
				TARGETED_DEVICE_FAMILY = "1,2";
				TEST_HOST = "$(BUILT_PRODUCTS_DIR)/SourceCode.app/SourceCode";
			};
			name = Debug;
		};
		18C66C322654C0F500420D0B /* Release */ = {
			isa = XCBuildConfiguration;
			buildSettings = {
				BUNDLE_LOADER = "$(TEST_HOST)";
				CODE_SIGN_STYLE = Automatic;
				DEVELOPMENT_TEAM = Y8T88UL9N7;
				INFOPLIST_FILE = SourceCodeTests/Info.plist;
				IPHONEOS_DEPLOYMENT_TARGET = 14.4;
				LD_RUNPATH_SEARCH_PATHS = (
					"$(inherited)",
					"@executable_path/Frameworks",
					"@loader_path/Frameworks",
				);
				PRODUCT_BUNDLE_IDENTIFIER = com.test.moreproject.SourceCodeTests;
				PRODUCT_NAME = "$(TARGET_NAME)";
				TARGETED_DEVICE_FAMILY = "1,2";
				TEST_HOST = "$(BUILT_PRODUCTS_DIR)/SourceCode.app/SourceCode";
			};
			name = Release;
		};
		18C66C342654C0F500420D0B /* Debug */ = {
			isa = XCBuildConfiguration;
			buildSettings = {
				CODE_SIGN_STYLE = Automatic;
				DEVELOPMENT_TEAM = Y8T88UL9N7;
				INFOPLIST_FILE = SourceCodeUITests/Info.plist;
				LD_RUNPATH_SEARCH_PATHS = (
					"$(inherited)",
					"@executable_path/Frameworks",
					"@loader_path/Frameworks",
				);
				PRODUCT_BUNDLE_IDENTIFIER = com.test.moreproject.SourceCodeUITests;
				PRODUCT_NAME = "$(TARGET_NAME)";
				TARGETED_DEVICE_FAMILY = "1,2";
				TEST_TARGET_NAME = SourceCode;
			};
			name = Debug;
		};
		18C66C352654C0F500420D0B /* Release */ = {
			isa = XCBuildConfiguration;
			buildSettings = {
				CODE_SIGN_STYLE = Automatic;
				DEVELOPMENT_TEAM = Y8T88UL9N7;
				INFOPLIST_FILE = SourceCodeUITests/Info.plist;
				LD_RUNPATH_SEARCH_PATHS = (
					"$(inherited)",
					"@executable_path/Frameworks",
					"@loader_path/Frameworks",
				);
				PRODUCT_BUNDLE_IDENTIFIER = com.test.moreproject.SourceCodeUITests;
				PRODUCT_NAME = "$(TARGET_NAME)";
				TARGETED_DEVICE_FAMILY = "1,2";
				TEST_TARGET_NAME = SourceCode;
			};
			name = Release;
		};
/* End XCBuildConfiguration section */

/* Begin XCConfigurationList section */
		18C66BF92654C0F200420D0B /* Build configuration list for PBXProject "SourceCode" */ = {
			isa = XCConfigurationList;
			buildConfigurations = (
				18C66C2B2654C0F500420D0B /* Debug */,
				18C66C2C2654C0F500420D0B /* Release */,
			);
			defaultConfigurationIsVisible = 0;
			defaultConfigurationName = Release;
		};
		18C66C2D2654C0F500420D0B /* Build configuration list for PBXNativeTarget "SourceCode" */ = {
			isa = XCConfigurationList;
			buildConfigurations = (
				18C66C2E2654C0F500420D0B /* Debug */,
				18C66C2F2654C0F500420D0B /* Release */,
			);
			defaultConfigurationIsVisible = 0;
			defaultConfigurationName = Release;
		};
		18C66C302654C0F500420D0B /* Build configuration list for PBXNativeTarget "SourceCodeTests" */ = {
			isa = XCConfigurationList;
			buildConfigurations = (
				18C66C312654C0F500420D0B /* Debug */,
				18C66C322654C0F500420D0B /* Release */,
			);
			defaultConfigurationIsVisible = 0;
			defaultConfigurationName = Release;
		};
		18C66C332654C0F500420D0B /* Build configuration list for PBXNativeTarget "SourceCodeUITests" */ = {
			isa = XCConfigurationList;
			buildConfigurations = (
				18C66C342654C0F500420D0B /* Debug */,
				18C66C352654C0F500420D0B /* Release */,
			);
			defaultConfigurationIsVisible = 0;
			defaultConfigurationName = Release;
		};
/* End XCConfigurationList section */
	};
	rootObject = 18C66BF62654C0F200420D0B /* Project object */;
}
